{
  "object": {
    "pins": [
      {
        "package": "SimpleButton",
        "repositoryURL": "https://github.com/aloco/SimpleButton",
        "state": {
          "branch": "master",
          "revision": "ae7b4451522304a422a6514d14db0779625a93e3",
          "version": null
        }
      }
    ]
  },
  "version": 1
}
