// !$*UTF8*$!
{
	archiveVersion = 1;
	classes = {
	};
	objectVersion = 55;
	objects = {

/* Begin PBXBuildFile section */
		AB007F1D1F1BE67E00AD9552 /* MeasTableViewController.swift in Sources */ = {isa = PBXBuildFile; fileRef = AB007F1C1F1BE67E00AD9552 /* MeasTableViewController.swift */; };
		AB007F1F1F1C109000AD9552 /* DataEditViewController.swift in Sources */ = {isa = PBXBuildFile; fileRef = AB007F1E1F1C109000AD9552 /* DataEditViewController.swift */; };
		AB27E75B27D4A38A00C83D4D /* SimpleButton in Frameworks */ = {isa = PBXBuildFile; productRef = AB27E75A27D4A38A00C83D4D /* SimpleButton */; };
		AB2EF88F1F36D74100584390 /* CalibrationViewController.swift in Sources */ = {isa = PBXBuildFile; fileRef = AB2EF88E1F36D74100584390 /* CalibrationViewController.swift */; };
		AB3BB8391F5F9CA000CDF182 /* TimerViewController.swift in Sources */ = {isa = PBXBuildFile; fileRef = AB3BB8381F5F9CA000CDF182 /* TimerViewController.swift */; };
		AB43B1771EEB871E00B6A96B /* AppDelegate.swift in Sources */ = {isa = PBXBuildFile; fileRef = AB43B1761EEB871E00B6A96B /* AppDelegate.swift */; };
		AB43B1791EEB871E00B6A96B /* PreheatViewController.swift in Sources */ = {isa = PBXBuildFile; fileRef = AB43B1781EEB871E00B6A96B /* PreheatViewController.swift */; };
		AB43B17E1EEB871E00B6A96B /* Main.storyboard in Resources */ = {isa = PBXBuildFile; fileRef = AB43B17C1EEB871E00B6A96B /* Main.storyboard */; };
		AB43B1801EEB871E00B6A96B /* Assets.xcassets in Resources */ = {isa = PBXBuildFile; fileRef = AB43B17F1EEB871E00B6A96B /* Assets.xcassets */; };
		AB43B18B1EEBAEA100B6A96B /* ThermalModel.swift in Sources */ = {isa = PBXBuildFile; fileRef = AB43B18A1EEBAEA100B6A96B /* ThermalModel.swift */; };
		AB53D56E1F0DD85900ACA17A /* EcoChefThermalModel.swift in Sources */ = {isa = PBXBuildFile; fileRef = AB53D56D1F0DD85900ACA17A /* EcoChefThermalModel.swift */; };
		AB57418C1F397224007AA3E0 /* CalibrationTimer.swift in Sources */ = {isa = PBXBuildFile; fileRef = AB57418B1F397224007AA3E0 /* CalibrationTimer.swift */; };
		AB57418D1F397224007AA3E0 /* CalibrationTimer.swift in Sources */ = {isa = PBXBuildFile; fileRef = AB57418B1F397224007AA3E0 /* CalibrationTimer.swift */; };
		AB57E5DB1F0492F700D37EF8 /* birge-ring.aiff in Resources */ = {isa = PBXBuildFile; fileRef = AB57E5DA1F0492F700D37EF8 /* birge-ring.aiff */; };
		ABA36DC31F07401100B3FCA4 /* EcoChefState.swift in Sources */ = {isa = PBXBuildFile; fileRef = ABA36DC21F07401100B3FCA4 /* EcoChefState.swift */; };
		ABC7A8711EF8DC5D00F25317 /* SettingsViewController.swift in Sources */ = {isa = PBXBuildFile; fileRef = ABC7A8701EF8DC5D00F25317 /* SettingsViewController.swift */; };
		ABC7A8751EF8EE7900F25317 /* AboutViewController.swift in Sources */ = {isa = PBXBuildFile; fileRef = ABC7A8741EF8EE7900F25317 /* AboutViewController.swift */; };
		ABCEEB1727E95E6C0068FB3E /* OptimizationKit.framework in Frameworks */ = {isa = PBXBuildFile; fileRef = ABCEEB1327E95E550068FB3E /* OptimizationKit.framework */; platformFilter = ios; };
		ABCEEB1827E95E6C0068FB3E /* OptimizationKit.framework in Embed Frameworks */ = {isa = PBXBuildFile; fileRef = ABCEEB1327E95E550068FB3E /* OptimizationKit.framework */; settings = {ATTRIBUTES = (CodeSignOnCopy, RemoveHeadersOnCopy, ); }; };
		ABD4127F1F1134C900429887 /* EcoChefTests.swift in Sources */ = {isa = PBXBuildFile; fileRef = ABD4127E1F1134C900429887 /* EcoChefTests.swift */; };
		ABD412861F11375400429887 /* ThermalModel.swift in Sources */ = {isa = PBXBuildFile; fileRef = AB43B18A1EEBAEA100B6A96B /* ThermalModel.swift */; };
		ABEB6F1D1F02A6E300ABD199 /* ThermalTimer.swift in Sources */ = {isa = PBXBuildFile; fileRef = ABEB6F1C1F02A6E300ABD199 /* ThermalTimer.swift */; };
		ABEBBBA01F05AC1C00527B4F /* TimerButton.swift in Sources */ = {isa = PBXBuildFile; fileRef = ABEBBB9F1F05AC1C00527B4F /* TimerButton.swift */; };
		ABEDA1BE1F09F75600FAE1E1 /* ModelTableViewController.swift in Sources */ = {isa = PBXBuildFile; fileRef = ABEDA1BC1F09F75600FAE1E1 /* ModelTableViewController.swift */; };
		ABEDA1C11F09FDAD00FAE1E1 /* ModelEditViewController.swift in Sources */ = {isa = PBXBuildFile; fileRef = ABEDA1C01F09FDAD00FAE1E1 /* ModelEditViewController.swift */; };
/* End PBXBuildFile section */

/* Begin PBXContainerItemProxy section */
		ABCEEB1227E95E550068FB3E /* PBXContainerItemProxy */ = {
			isa = PBXContainerItemProxy;
			containerPortal = ABCEEB0D27E95E550068FB3E /* OptimizationKit.xcodeproj */;
			proxyType = 2;
			remoteGlobalIDString = AB27E71D27D3F59A00C83D4D;
			remoteInfo = OptimizationKit;
		};
		ABCEEB1427E95E550068FB3E /* PBXContainerItemProxy */ = {
			isa = PBXContainerItemProxy;
			containerPortal = ABCEEB0D27E95E550068FB3E /* OptimizationKit.xcodeproj */;
			proxyType = 2;
			remoteGlobalIDString = AB27E72727D3F59B00C83D4D;
			remoteInfo = OptimizationKitTests;
		};
		ABD412811F1134C900429887 /* PBXContainerItemProxy */ = {
			isa = PBXContainerItemProxy;
			containerPortal = AB43B16B1EEB871E00B6A96B /* Project object */;
			proxyType = 1;
			remoteGlobalIDString = AB43B1721EEB871E00B6A96B;
			remoteInfo = EcoChef;
		};
/* End PBXContainerItemProxy section */

/* Begin PBXCopyFilesBuildPhase section */
		AB58FB9127DD178800B67BCF /* Embed Frameworks */ = {
			isa = PBXCopyFilesBuildPhase;
			buildActionMask = 2147483647;
			dstPath = "";
			dstSubfolderSpec = 10;
			files = (
				ABCEEB1827E95E6C0068FB3E /* OptimizationKit.framework in Embed Frameworks */,
			);
			name = "Embed Frameworks";
			runOnlyForDeploymentPostprocessing = 0;
		};
/* End PBXCopyFilesBuildPhase section */

/* Begin PBXFileReference section */
		AB007F1C1F1BE67E00AD9552 /* MeasTableViewController.swift */ = {isa = PBXFileReference; fileEncoding = 4; lastKnownFileType = sourcecode.swift; path = MeasTableViewController.swift; sourceTree = "<group>"; };
		AB007F1E1F1C109000AD9552 /* DataEditViewController.swift */ = {isa = PBXFileReference; fileEncoding = 4; lastKnownFileType = sourcecode.swift; path = DataEditViewController.swift; sourceTree = "<group>"; };
		AB2EF88E1F36D74100584390 /* CalibrationViewController.swift */ = {isa = PBXFileReference; fileEncoding = 4; lastKnownFileType = sourcecode.swift; path = CalibrationViewController.swift; sourceTree = "<group>"; };
		AB3BB8381F5F9CA000CDF182 /* TimerViewController.swift */ = {isa = PBXFileReference; fileEncoding = 4; lastKnownFileType = sourcecode.swift; path = TimerViewController.swift; sourceTree = "<group>"; };
		AB43B1731EEB871E00B6A96B /* EcoChef.app */ = {isa = PBXFileReference; explicitFileType = wrapper.application; includeInIndex = 0; path = EcoChef.app; sourceTree = BUILT_PRODUCTS_DIR; };
		AB43B1761EEB871E00B6A96B /* AppDelegate.swift */ = {isa = PBXFileReference; lastKnownFileType = sourcecode.swift; path = AppDelegate.swift; sourceTree = "<group>"; };
		AB43B1781EEB871E00B6A96B /* PreheatViewController.swift */ = {isa = PBXFileReference; lastKnownFileType = sourcecode.swift; path = PreheatViewController.swift; sourceTree = "<group>"; };
		AB43B17D1EEB871E00B6A96B /* Base */ = {isa = PBXFileReference; lastKnownFileType = file.storyboard; name = Base; path = Base.lproj/Main.storyboard; sourceTree = "<group>"; };
		AB43B17F1EEB871E00B6A96B /* Assets.xcassets */ = {isa = PBXFileReference; lastKnownFileType = folder.assetcatalog; path = Assets.xcassets; sourceTree = "<group>"; };
		AB43B1841EEB871E00B6A96B /* Info.plist */ = {isa = PBXFileReference; lastKnownFileType = text.plist.xml; path = Info.plist; sourceTree = "<group>"; };
		AB43B18A1EEBAEA100B6A96B /* ThermalModel.swift */ = {isa = PBXFileReference; fileEncoding = 4; lastKnownFileType = sourcecode.swift; path = ThermalModel.swift; sourceTree = "<group>"; };
		AB53D56D1F0DD85900ACA17A /* EcoChefThermalModel.swift */ = {isa = PBXFileReference; fileEncoding = 4; lastKnownFileType = sourcecode.swift; path = EcoChefThermalModel.swift; sourceTree = "<group>"; };
		AB57418B1F397224007AA3E0 /* CalibrationTimer.swift */ = {isa = PBXFileReference; fileEncoding = 4; lastKnownFileType = sourcecode.swift; path = CalibrationTimer.swift; sourceTree = "<group>"; };
		AB57E5DA1F0492F700D37EF8 /* birge-ring.aiff */ = {isa = PBXFileReference; lastKnownFileType = audio.aiff; path = "birge-ring.aiff"; sourceTree = "<group>"; };
		AB95D1BF2802890800059D70 /* EcoChef.entitlements */ = {isa = PBXFileReference; lastKnownFileType = text.plist.entitlements; path = EcoChef.entitlements; sourceTree = "<group>"; };
		ABA36DC21F07401100B3FCA4 /* EcoChefState.swift */ = {isa = PBXFileReference; fileEncoding = 4; lastKnownFileType = sourcecode.swift; path = EcoChefState.swift; sourceTree = "<group>"; };
		ABC7A8701EF8DC5D00F25317 /* SettingsViewController.swift */ = {isa = PBXFileReference; fileEncoding = 4; lastKnownFileType = sourcecode.swift; path = SettingsViewController.swift; sourceTree = "<group>"; };
		ABC7A8741EF8EE7900F25317 /* AboutViewController.swift */ = {isa = PBXFileReference; fileEncoding = 4; lastKnownFileType = sourcecode.swift; path = AboutViewController.swift; sourceTree = "<group>"; };
		ABCEEB0D27E95E550068FB3E /* OptimizationKit.xcodeproj */ = {isa = PBXFileReference; lastKnownFileType = "wrapper.pb-project"; name = OptimizationKit.xcodeproj; path = ../OptimizationKit/OptimizationKit.xcodeproj; sourceTree = "<group>"; };
		ABD4127C1F1134C900429887 /* EcoChefTests.xctest */ = {isa = PBXFileReference; explicitFileType = wrapper.cfbundle; includeInIndex = 0; path = EcoChefTests.xctest; sourceTree = BUILT_PRODUCTS_DIR; };
		ABD4127E1F1134C900429887 /* EcoChefTests.swift */ = {isa = PBXFileReference; lastKnownFileType = sourcecode.swift; path = EcoChefTests.swift; sourceTree = "<group>"; };
		ABD412801F1134C900429887 /* Info.plist */ = {isa = PBXFileReference; lastKnownFileType = text.plist.xml; path = Info.plist; sourceTree = "<group>"; };
		ABEB6F1C1F02A6E300ABD199 /* ThermalTimer.swift */ = {isa = PBXFileReference; fileEncoding = 4; lastKnownFileType = sourcecode.swift; path = ThermalTimer.swift; sourceTree = "<group>"; };
		ABEBBB9F1F05AC1C00527B4F /* TimerButton.swift */ = {isa = PBXFileReference; fileEncoding = 4; lastKnownFileType = sourcecode.swift; path = TimerButton.swift; sourceTree = "<group>"; };
		ABEDA1BC1F09F75600FAE1E1 /* ModelTableViewController.swift */ = {isa = PBXFileReference; fileEncoding = 4; lastKnownFileType = sourcecode.swift; path = ModelTableViewController.swift; sourceTree = "<group>"; };
		ABEDA1C01F09FDAD00FAE1E1 /* ModelEditViewController.swift */ = {isa = PBXFileReference; fileEncoding = 4; lastKnownFileType = sourcecode.swift; path = ModelEditViewController.swift; sourceTree = "<group>"; };
/* End PBXFileReference section */

/* Begin PBXFrameworksBuildPhase section */
		AB43B1701EEB871E00B6A96B /* Frameworks */ = {
			isa = PBXFrameworksBuildPhase;
			buildActionMask = 2147483647;
			files = (
				ABCEEB1727E95E6C0068FB3E /* OptimizationKit.framework in Frameworks */,
				AB27E75B27D4A38A00C83D4D /* SimpleButton in Frameworks */,
			);
			runOnlyForDeploymentPostprocessing = 0;
		};
		ABD412791F1134C900429887 /* Frameworks */ = {
			isa = PBXFrameworksBuildPhase;
			buildActionMask = 2147483647;
			files = (
			);
			runOnlyForDeploymentPostprocessing = 0;
		};
/* End PBXFrameworksBuildPhase section */

/* Begin PBXGroup section */
		AB43B16A1EEB871E00B6A96B = {
			isa = PBXGroup;
			children = (
				ABCEEB0D27E95E550068FB3E /* OptimizationKit.xcodeproj */,
				AB43B1751EEB871E00B6A96B /* EcoChef */,
				ABCEEB1627E95E6C0068FB3E /* Frameworks */,
				AB43B1741EEB871E00B6A96B /* Products */,
				ABD4127D1F1134C900429887 /* Tests */,
			);
			sourceTree = "<group>";
		};
		AB43B1741EEB871E00B6A96B /* Products */ = {
			isa = PBXGroup;
			children = (
				AB43B1731EEB871E00B6A96B /* EcoChef.app */,
				ABD4127C1F1134C900429887 /* EcoChefTests.xctest */,
			);
			name = Products;
			sourceTree = "<group>";
		};
		AB43B1751EEB871E00B6A96B /* EcoChef */ = {
			isa = PBXGroup;
			children = (
				AB95D1BF2802890800059D70 /* EcoChef.entitlements */,
				AB43B1761EEB871E00B6A96B /* AppDelegate.swift */,
				AB43B18A1EEBAEA100B6A96B /* ThermalModel.swift */,
				ABEB6F1C1F02A6E300ABD199 /* ThermalTimer.swift */,
				AB57418B1F397224007AA3E0 /* CalibrationTimer.swift */,
				ABA36DC21F07401100B3FCA4 /* EcoChefState.swift */,
				AB53D56D1F0DD85900ACA17A /* EcoChefThermalModel.swift */,
				AB43B1781EEB871E00B6A96B /* PreheatViewController.swift */,
				ABC7A8701EF8DC5D00F25317 /* SettingsViewController.swift */,
				ABEDA1BC1F09F75600FAE1E1 /* ModelTableViewController.swift */,
				ABEDA1C01F09FDAD00FAE1E1 /* ModelEditViewController.swift */,
				AB2EF88E1F36D74100584390 /* CalibrationViewController.swift */,
				AB007F1C1F1BE67E00AD9552 /* MeasTableViewController.swift */,
				AB007F1E1F1C109000AD9552 /* DataEditViewController.swift */,
				ABC7A8741EF8EE7900F25317 /* AboutViewController.swift */,
				AB3BB8381F5F9CA000CDF182 /* TimerViewController.swift */,
				ABEBBB9F1F05AC1C00527B4F /* TimerButton.swift */,
				AB43B17C1EEB871E00B6A96B /* Main.storyboard */,
				AB43B1841EEB871E00B6A96B /* Info.plist */,
				AB43B17F1EEB871E00B6A96B /* Assets.xcassets */,
				ABEBBBAA1F05B5D400527B4F /* Media */,
			);
			path = EcoChef;
			sourceTree = "<group>";
		};
		ABCEEB0E27E95E550068FB3E /* Products */ = {
			isa = PBXGroup;
			children = (
				ABCEEB1327E95E550068FB3E /* OptimizationKit.framework */,
				ABCEEB1527E95E550068FB3E /* OptimizationKitTests.xctest */,
			);
			name = Products;
			sourceTree = "<group>";
		};
		ABCEEB1627E95E6C0068FB3E /* Frameworks */ = {
			isa = PBXGroup;
			children = (
			);
			name = Frameworks;
			sourceTree = "<group>";
		};
		ABD4127D1F1134C900429887 /* Tests */ = {
			isa = PBXGroup;
			children = (
				ABD4127E1F1134C900429887 /* EcoChefTests.swift */,
				ABD412801F1134C900429887 /* Info.plist */,
			);
			name = Tests;
			path = EcoChefTests;
			sourceTree = "<group>";
		};
		ABEBBBAA1F05B5D400527B4F /* Media */ = {
			isa = PBXGroup;
			children = (
				AB57E5DA1F0492F700D37EF8 /* birge-ring.aiff */,
			);
			name = Media;
			sourceTree = "<group>";
		};
/* End PBXGroup section */

/* Begin PBXNativeTarget section */
		AB43B1721EEB871E00B6A96B /* EcoChef */ = {
			isa = PBXNativeTarget;
			buildConfigurationList = AB43B1871EEB871E00B6A96B /* Build configuration list for PBXNativeTarget "EcoChef" */;
			buildPhases = (
				AB43B16F1EEB871E00B6A96B /* Sources */,
				AB43B1701EEB871E00B6A96B /* Frameworks */,
				AB43B1711EEB871E00B6A96B /* Resources */,
				AB58FB9127DD178800B67BCF /* Embed Frameworks */,
			);
			buildRules = (
			);
			dependencies = (
			);
			name = EcoChef;
			packageProductDependencies = (
				AB27E75A27D4A38A00C83D4D /* SimpleButton */,
			);
			productName = EcoChef;
			productReference = AB43B1731EEB871E00B6A96B /* EcoChef.app */;
			productType = "com.apple.product-type.application";
		};
		ABD4127B1F1134C900429887 /* EcoChefTests */ = {
			isa = PBXNativeTarget;
			buildConfigurationList = ABD412831F1134C900429887 /* Build configuration list for PBXNativeTarget "EcoChefTests" */;
			buildPhases = (
				ABD412781F1134C900429887 /* Sources */,
				ABD412791F1134C900429887 /* Frameworks */,
				ABD4127A1F1134C900429887 /* Resources */,
			);
			buildRules = (
			);
			dependencies = (
				ABD412821F1134C900429887 /* PBXTargetDependency */,
			);
			name = EcoChefTests;
			productName = EcoChefTests;
			productReference = ABD4127C1F1134C900429887 /* EcoChefTests.xctest */;
			productType = "com.apple.product-type.bundle.unit-test";
		};
/* End PBXNativeTarget section */

/* Begin PBXProject section */
		AB43B16B1EEB871E00B6A96B /* Project object */ = {
			isa = PBXProject;
			attributes = {
				LastSwiftUpdateCheck = 0830;
				LastUpgradeCheck = 1330;
				ORGANIZATIONNAME = "Birge & Fuller, LLC";
				TargetAttributes = {
					AB43B1721EEB871E00B6A96B = {
						CreatedOnToolsVersion = 8.3.2;
						LastSwiftMigration = 1320;
						SystemCapabilities = {
							com.apple.BackgroundModes = {
								enabled = 0;
							};
						};
					};
					ABD4127B1F1134C900429887 = {
						CreatedOnToolsVersion = 8.3.3;
						LastSwiftMigration = 1320;
						ProvisioningStyle = Automatic;
						TestTargetID = AB43B1721EEB871E00B6A96B;
					};
				};
			};
			buildConfigurationList = AB43B16E1EEB871E00B6A96B /* Build configuration list for PBXProject "EcoChef" */;
			compatibilityVersion = "Xcode 13.0";
			developmentRegion = en;
			hasScannedForEncodings = 0;
			knownRegions = (
				en,
				Base,
			);
			mainGroup = AB43B16A1EEB871E00B6A96B;
			packageReferences = (
				AB27E75927D4A38A00C83D4D /* XCRemoteSwiftPackageReference "SimpleButton" */,
			);
			productRefGroup = AB43B1741EEB871E00B6A96B /* Products */;
			projectDirPath = "";
			projectReferences = (
				{
					ProductGroup = ABCEEB0E27E95E550068FB3E /* Products */;
					ProjectRef = ABCEEB0D27E95E550068FB3E /* OptimizationKit.xcodeproj */;
				},
			);
			projectRoot = "";
			targets = (
				AB43B1721EEB871E00B6A96B /* EcoChef */,
				ABD4127B1F1134C900429887 /* EcoChefTests */,
			);
		};
/* End PBXProject section */

/* Begin PBXReferenceProxy section */
		ABCEEB1327E95E550068FB3E /* OptimizationKit.framework */ = {
			isa = PBXReferenceProxy;
			fileType = wrapper.framework;
			path = OptimizationKit.framework;
			remoteRef = ABCEEB1227E95E550068FB3E /* PBXContainerItemProxy */;
			sourceTree = BUILT_PRODUCTS_DIR;
		};
		ABCEEB1527E95E550068FB3E /* OptimizationKitTests.xctest */ = {
			isa = PBXReferenceProxy;
			fileType = wrapper.cfbundle;
			path = OptimizationKitTests.xctest;
			remoteRef = ABCEEB1427E95E550068FB3E /* PBXContainerItemProxy */;
			sourceTree = BUILT_PRODUCTS_DIR;
		};
/* End PBXReferenceProxy section */

/* Begin PBXResourcesBuildPhase section */
		AB43B1711EEB871E00B6A96B /* Resources */ = {
			isa = PBXResourcesBuildPhase;
			buildActionMask = 2147483647;
			files = (
				AB57E5DB1F0492F700D37EF8 /* birge-ring.aiff in Resources */,
				AB43B1801EEB871E00B6A96B /* Assets.xcassets in Resources */,
				AB43B17E1EEB871E00B6A96B /* Main.storyboard in Resources */,
			);
			runOnlyForDeploymentPostprocessing = 0;
		};
		ABD4127A1F1134C900429887 /* Resources */ = {
			isa = PBXResourcesBuildPhase;
			buildActionMask = 2147483647;
			files = (
			);
			runOnlyForDeploymentPostprocessing = 0;
		};
/* End PBXResourcesBuildPhase section */

/* Begin PBXSourcesBuildPhase section */
		AB43B16F1EEB871E00B6A96B /* Sources */ = {
			isa = PBXSourcesBuildPhase;
			buildActionMask = 2147483647;
			files = (
				ABEDA1C11F09FDAD00FAE1E1 /* ModelEditViewController.swift in Sources */,
				AB43B1771EEB871E00B6A96B /* AppDelegate.swift in Sources */,
				AB007F1D1F1BE67E00AD9552 /* MeasTableViewController.swift in Sources */,
				ABEDA1BE1F09F75600FAE1E1 /* ModelTableViewController.swift in Sources */,
				ABA36DC31F07401100B3FCA4 /* EcoChefState.swift in Sources */,
				AB43B1791EEB871E00B6A96B /* PreheatViewController.swift in Sources */,
				AB007F1F1F1C109000AD9552 /* DataEditViewController.swift in Sources */,
				ABEBBBA01F05AC1C00527B4F /* TimerButton.swift in Sources */,
				AB53D56E1F0DD85900ACA17A /* EcoChefThermalModel.swift in Sources */,
				AB3BB8391F5F9CA000CDF182 /* TimerViewController.swift in Sources */,
				AB43B18B1EEBAEA100B6A96B /* ThermalModel.swift in Sources */,
				AB2EF88F1F36D74100584390 /* CalibrationViewController.swift in Sources */,
				ABEB6F1D1F02A6E300ABD199 /* ThermalTimer.swift in Sources */,
				ABC7A8751EF8EE7900F25317 /* AboutViewController.swift in Sources */,
				AB57418C1F397224007AA3E0 /* CalibrationTimer.swift in Sources */,
				ABC7A8711EF8DC5D00F25317 /* SettingsViewController.swift in Sources */,
			);
			runOnlyForDeploymentPostprocessing = 0;
		};
		ABD412781F1134C900429887 /* Sources */ = {
			isa = PBXSourcesBuildPhase;
			buildActionMask = 2147483647;
			files = (
				AB57418D1F397224007AA3E0 /* CalibrationTimer.swift in Sources */,
				ABD4127F1F1134C900429887 /* EcoChefTests.swift in Sources */,
				ABD412861F11375400429887 /* ThermalModel.swift in Sources */,
			);
			runOnlyForDeploymentPostprocessing = 0;
		};
/* End PBXSourcesBuildPhase section */

/* Begin PBXTargetDependency section */
		ABD412821F1134C900429887 /* PBXTargetDependency */ = {
			isa = PBXTargetDependency;
			target = AB43B1721EEB871E00B6A96B /* EcoChef */;
			targetProxy = ABD412811F1134C900429887 /* PBXContainerItemProxy */;
		};
/* End PBXTargetDependency section */

/* Begin PBXVariantGroup section */
		AB43B17C1EEB871E00B6A96B /* Main.storyboard */ = {
			isa = PBXVariantGroup;
			children = (
				AB43B17D1EEB871E00B6A96B /* Base */,
			);
			name = Main.storyboard;
			sourceTree = "<group>";
		};
/* End PBXVariantGroup section */

/* Begin XCBuildConfiguration section */
		AB43B1851EEB871E00B6A96B /* Debug */ = {
			isa = XCBuildConfiguration;
			buildSettings = {
				ALWAYS_SEARCH_USER_PATHS = NO;
				CLANG_ANALYZER_LOCALIZABILITY_NONLOCALIZED = NO;
				CLANG_ANALYZER_NONNULL = YES;
				CLANG_ANALYZER_NUMBER_OBJECT_CONVERSION = YES_AGGRESSIVE;
				CLANG_ENABLE_MODULES = YES;
				CLANG_WARN_BLOCK_CAPTURE_AUTORELEASING = YES;
				CLANG_WARN_BOOL_CONVERSION = YES;
				CLANG_WARN_COMMA = YES;
				CLANG_WARN_CONSTANT_CONVERSION = YES;
				CLANG_WARN_DEPRECATED_OBJC_IMPLEMENTATIONS = NO;
				CLANG_WARN_DIRECT_OBJC_ISA_USAGE = YES_ERROR;
				CLANG_WARN_DOCUMENTATION_COMMENTS = YES;
				CLANG_WARN_EMPTY_BODY = YES;
				CLANG_WARN_ENUM_CONVERSION = YES;
				CLANG_WARN_INFINITE_RECURSION = YES;
				CLANG_WARN_INT_CONVERSION = NO;
				CLANG_WARN_NON_LITERAL_NULL_CONVERSION = YES;
				CLANG_WARN_OBJC_IMPLICIT_RETAIN_SELF = YES;
				CLANG_WARN_OBJC_LITERAL_CONVERSION = NO;
				CLANG_WARN_OBJC_ROOT_CLASS = YES_ERROR;
				CLANG_WARN_QUOTED_INCLUDE_IN_FRAMEWORK_HEADER = YES;
				CLANG_WARN_RANGE_LOOP_ANALYSIS = YES;
				CLANG_WARN_STRICT_PROTOTYPES = NO;
				CLANG_WARN_SUSPICIOUS_MOVE = YES;
				CLANG_WARN_UNREACHABLE_CODE = YES;
				CLANG_WARN__DUPLICATE_METHOD_MATCH = YES;
				"CODE_SIGN_IDENTITY[sdk=iphoneos*]" = "iPhone Developer";
				COPY_PHASE_STRIP = NO;
				DEAD_CODE_STRIPPING = NO;
				ENABLE_STRICT_OBJC_MSGSEND = YES;
				ENABLE_TESTABILITY = YES;
				GCC_DYNAMIC_NO_PIC = YES;
				GCC_NO_COMMON_BLOCKS = YES;
				GCC_OPTIMIZATION_LEVEL = 0;
				GCC_PREPROCESSOR_DEFINITIONS = (
					"DEBUG=1",
					"$(inherited)",
				);
				GCC_WARN_64_TO_32_BIT_CONVERSION = YES;
				GCC_WARN_ABOUT_DEPRECATED_FUNCTIONS = YES;
				GCC_WARN_ABOUT_RETURN_TYPE = YES_ERROR;
				GCC_WARN_UNDECLARED_SELECTOR = YES;
				GCC_WARN_UNINITIALIZED_AUTOS = YES_AGGRESSIVE;
				GCC_WARN_UNUSED_FUNCTION = YES;
				GCC_WARN_UNUSED_VARIABLE = YES;
				MTL_ENABLE_DEBUG_INFO = YES;
				ONLY_ACTIVE_ARCH = YES;
				SDKROOT = iphoneos;
				STRIP_INSTALLED_PRODUCT = NO;
				SWIFT_ACTIVE_COMPILATION_CONDITIONS = DEBUG;
				SWIFT_OPTIMIZATION_LEVEL = "-Onone";
				SWIFT_SWIFT3_OBJC_INFERENCE = Default;
				SWIFT_VERSION = 5.0;
				TARGETED_DEVICE_FAMILY = 1;
			};
			name = Debug;
		};
		AB43B1861EEB871E00B6A96B /* Release */ = {
			isa = XCBuildConfiguration;
			buildSettings = {
				ALWAYS_SEARCH_USER_PATHS = NO;
				CLANG_ANALYZER_LOCALIZABILITY_NONLOCALIZED = NO;
				CLANG_ANALYZER_NONNULL = YES;
				CLANG_ANALYZER_NUMBER_OBJECT_CONVERSION = YES_AGGRESSIVE;
				CLANG_ENABLE_MODULES = YES;
				CLANG_WARN_BLOCK_CAPTURE_AUTORELEASING = YES;
				CLANG_WARN_BOOL_CONVERSION = YES;
				CLANG_WARN_COMMA = YES;
				CLANG_WARN_CONSTANT_CONVERSION = YES;
				CLANG_WARN_DEPRECATED_OBJC_IMPLEMENTATIONS = NO;
				CLANG_WARN_DIRECT_OBJC_ISA_USAGE = YES_ERROR;
				CLANG_WARN_DOCUMENTATION_COMMENTS = YES;
				CLANG_WARN_EMPTY_BODY = YES;
				CLANG_WARN_ENUM_CONVERSION = YES;
				CLANG_WARN_INFINITE_RECURSION = YES;
				CLANG_WARN_INT_CONVERSION = NO;
				CLANG_WARN_NON_LITERAL_NULL_CONVERSION = YES;
				CLANG_WARN_OBJC_IMPLICIT_RETAIN_SELF = YES;
				CLANG_WARN_OBJC_LITERAL_CONVERSION = NO;
				CLANG_WARN_OBJC_ROOT_CLASS = YES_ERROR;
				CLANG_WARN_QUOTED_INCLUDE_IN_FRAMEWORK_HEADER = YES;
				CLANG_WARN_RANGE_LOOP_ANALYSIS = YES;
				CLANG_WARN_STRICT_PROTOTYPES = NO;
				CLANG_WARN_SUSPICIOUS_MOVE = YES;
				CLANG_WARN_UNREACHABLE_CODE = YES;
				CLANG_WARN__DUPLICATE_METHOD_MATCH = YES;
				CODE_SIGN_IDENTITY = "Apple Distribution";
				"CODE_SIGN_IDENTITY[sdk=iphoneos*]" = "iPhone Distribution";
				COPY_PHASE_STRIP = NO;
				ENABLE_NS_ASSERTIONS = NO;
				ENABLE_STRICT_OBJC_MSGSEND = YES;
				GCC_DYNAMIC_NO_PIC = YES;
				GCC_NO_COMMON_BLOCKS = YES;
				GCC_OPTIMIZATION_LEVEL = 2;
				GCC_WARN_64_TO_32_BIT_CONVERSION = YES;
				GCC_WARN_ABOUT_DEPRECATED_FUNCTIONS = YES;
				GCC_WARN_ABOUT_RETURN_TYPE = YES_ERROR;
				GCC_WARN_UNDECLARED_SELECTOR = YES;
				GCC_WARN_UNINITIALIZED_AUTOS = YES_AGGRESSIVE;
				GCC_WARN_UNUSED_FUNCTION = YES;
				GCC_WARN_UNUSED_VARIABLE = YES;
				MTL_ENABLE_DEBUG_INFO = NO;
				SDKROOT = iphoneos;
				SWIFT_COMPILATION_MODE = wholemodule;
				SWIFT_OPTIMIZATION_LEVEL = "-O";
				SWIFT_SWIFT3_OBJC_INFERENCE = Default;
				SWIFT_VERSION = 5.0;
				TARGETED_DEVICE_FAMILY = 1;
				VALIDATE_PRODUCT = YES;
			};
			name = Release;
		};
		AB43B1881EEB871E00B6A96B /* Debug */ = {
			isa = XCBuildConfiguration;
			buildSettings = {
				ASSETCATALOG_COMPILER_APPICON_NAME = AppIcon;
				ASSETCATALOG_COMPILER_INCLUDE_ALL_APPICON_ASSETS = YES;
				CLANG_ENABLE_OBJC_WEAK = YES;
				CLANG_WARN_IMPLICIT_SIGN_CONVERSION = YES;
				CLANG_WARN_INT_CONVERSION = YES;
				CODE_SIGN_ENTITLEMENTS = EcoChef/EcoChef.entitlements;
				CODE_SIGN_IDENTITY = "Apple Development";
				CODE_SIGN_STYLE = Automatic;
				CURRENT_PROJECT_VERSION = 4;
				DEAD_CODE_STRIPPING = NO;
				DEBUG_INFORMATION_FORMAT = dwarf;
				DEVELOPMENT_TEAM = 64FL3F254T;
				ENABLE_BITCODE = NO;
				FRAMEWORK_SEARCH_PATHS = (
					"$(inherited)",
					"$(PROJECT_DIR)/EcoChef",
				);
				GCC_WARN_ABOUT_MISSING_NEWLINE = YES;
				GCC_WARN_ABOUT_MISSING_PROTOTYPES = YES;
				GCC_WARN_INITIALIZER_NOT_FULLY_BRACKETED = YES;
				GCC_WARN_UNUSED_PARAMETER = YES;
				INFOPLIST_FILE = EcoChef/Info.plist;
				IPHONEOS_DEPLOYMENT_TARGET = 13.6;
				LD_RUNPATH_SEARCH_PATHS = (
					"$(inherited)",
					"@executable_path/Frameworks",
				);
				MARKETING_VERSION = 1.2.4;
				PRODUCT_BUNDLE_IDENTIFIER = com.birgefuller.ecochef;
				PRODUCT_NAME = "$(TARGET_NAME)";
				PROVISIONING_PROFILE_SPECIFIER = "";
				SUPPORTS_MACCATALYST = NO;
				SWIFT_SWIFT3_OBJC_INFERENCE = Default;
				SWIFT_VERSION = 5.0;
				TARGETED_DEVICE_FAMILY = "1,2";
				VERSIONING_SYSTEM = "apple-generic";
			};
			name = Debug;
		};
		AB43B1891EEB871E00B6A96B /* Release */ = {
			isa = XCBuildConfiguration;
			buildSettings = {
				ASSETCATALOG_COMPILER_APPICON_NAME = AppIcon;
				ASSETCATALOG_COMPILER_INCLUDE_ALL_APPICON_ASSETS = YES;
				CLANG_ENABLE_OBJC_WEAK = YES;
				CLANG_WARN_IMPLICIT_SIGN_CONVERSION = YES;
				CLANG_WARN_INT_CONVERSION = YES;
				CODE_SIGN_ENTITLEMENTS = EcoChef/EcoChef.entitlements;
				CODE_SIGN_IDENTITY = "Apple Development";
				CODE_SIGN_STYLE = Automatic;
				CURRENT_PROJECT_VERSION = 4;
				DEVELOPMENT_TEAM = 64FL3F254T;
				FRAMEWORK_SEARCH_PATHS = (
					"$(inherited)",
					"$(PROJECT_DIR)/EcoChef",
				);
				GCC_WARN_ABOUT_MISSING_NEWLINE = YES;
				GCC_WARN_ABOUT_MISSING_PROTOTYPES = YES;
				GCC_WARN_INITIALIZER_NOT_FULLY_BRACKETED = YES;
				GCC_WARN_UNUSED_PARAMETER = YES;
				INFOPLIST_FILE = EcoChef/Info.plist;
				IPHONEOS_DEPLOYMENT_TARGET = 13.6;
				LD_RUNPATH_SEARCH_PATHS = (
					"$(inherited)",
					"@executable_path/Frameworks",
				);
				LLVM_LTO = YES;
				MARKETING_VERSION = 1.2.4;
				PRODUCT_BUNDLE_IDENTIFIER = com.birgefuller.ecochef;
				PRODUCT_NAME = "$(TARGET_NAME)";
				PROVISIONING_PROFILE_SPECIFIER = "";
				SUPPORTS_MACCATALYST = NO;
				SWIFT_SWIFT3_OBJC_INFERENCE = Default;
				SWIFT_VERSION = 5.0;
				TARGETED_DEVICE_FAMILY = "1,2";
				VERSIONING_SYSTEM = "apple-generic";
			};
			name = Release;
		};
		ABD412841F1134C900429887 /* Debug */ = {
			isa = XCBuildConfiguration;
			buildSettings = {
				BUNDLE_LOADER = "$(TEST_HOST)";
				CLANG_ENABLE_OBJC_WEAK = YES;
				DEVELOPMENT_TEAM = YB79GC96TU;
				INFOPLIST_FILE = EcoChefTests/Info.plist;
				LD_RUNPATH_SEARCH_PATHS = (
					"$(inherited)",
					"@executable_path/Frameworks",
					"@loader_path/Frameworks",
				);
				PRODUCT_BUNDLE_IDENTIFIER = us.birge.EcoChefTests;
				PRODUCT_NAME = "$(TARGET_NAME)";
				SWIFT_SWIFT3_OBJC_INFERENCE = Default;
				SWIFT_VERSION = 5.0;
				TEST_HOST = "$(BUILT_PRODUCTS_DIR)/EcoChef.app/EcoChef";
			};
			name = Debug;
		};
		ABD412851F1134C900429887 /* Release */ = {
			isa = XCBuildConfiguration;
			buildSettings = {
				BUNDLE_LOADER = "$(TEST_HOST)";
				CLANG_ENABLE_OBJC_WEAK = YES;
				DEVELOPMENT_TEAM = YB79GC96TU;
				INFOPLIST_FILE = EcoChefTests/Info.plist;
				LD_RUNPATH_SEARCH_PATHS = (
					"$(inherited)",
					"@executable_path/Frameworks",
					"@loader_path/Frameworks",
				);
				PRODUCT_BUNDLE_IDENTIFIER = us.birge.EcoChefTests;
				PRODUCT_NAME = "$(TARGET_NAME)";
				SWIFT_SWIFT3_OBJC_INFERENCE = Default;
				SWIFT_VERSION = 5.0;
				TEST_HOST = "$(BUILT_PRODUCTS_DIR)/EcoChef.app/EcoChef";
			};
			name = Release;
		};
/* End XCBuildConfiguration section */

/* Begin XCConfigurationList section */
		AB43B16E1EEB871E00B6A96B /* Build configuration list for PBXProject "EcoChef" */ = {
			isa = XCConfigurationList;
			buildConfigurations = (
				AB43B1851EEB871E00B6A96B /* Debug */,
				AB43B1861EEB871E00B6A96B /* Release */,
			);
			defaultConfigurationIsVisible = 0;
			defaultConfigurationName = Release;
		};
		AB43B1871EEB871E00B6A96B /* Build configuration list for PBXNativeTarget "EcoChef" */ = {
			isa = XCConfigurationList;
			buildConfigurations = (
				AB43B1881EEB871E00B6A96B /* Debug */,
				AB43B1891EEB871E00B6A96B /* Release */,
			);
			defaultConfigurationIsVisible = 0;
			defaultConfigurationName = Release;
		};
		ABD412831F1134C900429887 /* Build configuration list for PBXNativeTarget "EcoChefTests" */ = {
			isa = XCConfigurationList;
			buildConfigurations = (
				ABD412841F1134C900429887 /* Debug */,
				ABD412851F1134C900429887 /* Release */,
			);
			defaultConfigurationIsVisible = 0;
			defaultConfigurationName = Release;
		};
/* End XCConfigurationList section */

/* Begin XCRemoteSwiftPackageReference section */
		AB27E75927D4A38A00C83D4D /* XCRemoteSwiftPackageReference "SimpleButton" */ = {
			isa = XCRemoteSwiftPackageReference;
			repositoryURL = "https://github.com/aloco/SimpleButton";
			requirement = {
				branch = master;
				kind = branch;
			};
		};
/* End XCRemoteSwiftPackageReference section */

/* Begin XCSwiftPackageProductDependency section */
		AB27E75A27D4A38A00C83D4D /* SimpleButton */ = {
			isa = XCSwiftPackageProductDependency;
			package = AB27E75927D4A38A00C83D4D /* XCRemoteSwiftPackageReference "SimpleButton" */;
			productName = SimpleButton;
		};
/* End XCSwiftPackageProductDependency section */
	};
	rootObject = AB43B16B1EEB871E00B6A96B /* Project object */;
}
