// !$*UTF8*$!
{
	archiveVersion = 1;
	classes = {
	};
	objectVersion = 51;
	objects = {

/* Begin PBXBuildFile section */
		AB007F1D1F1BE67E00AD9552 /* MeasTableViewController.swift in Sources */ = {isa = PBXBuildFile; fileRef = AB007F1C1F1BE67E00AD9552 /* MeasTableViewController.swift */; };
		AB007F1F1F1C109000AD9552 /* DataEditViewController.swift in Sources */ = {isa = PBXBuildFile; fileRef = AB007F1E1F1C109000AD9552 /* DataEditViewController.swift */; };
		AB007F211F1C7B8000AD9552 /* Optimization.swift in Sources */ = {isa = PBXBuildFile; fileRef = AB007F201F1C7B8000AD9552 /* Optimization.swift */; };
		AB007F221F1C7B8000AD9552 /* Optimization.swift in Sources */ = {isa = PBXBuildFile; fileRef = AB007F201F1C7B8000AD9552 /* Optimization.swift */; };
		AB0373891F020DD7005D1880 /* LaunchScreen.storyboard in Resources */ = {isa = PBXBuildFile; fileRef = AB0373881F020DD7005D1880 /* LaunchScreen.storyboard */; };
		AB2EF88F1F36D74100584390 /* CalibrationViewController.swift in Sources */ = {isa = PBXBuildFile; fileRef = AB2EF88E1F36D74100584390 /* CalibrationViewController.swift */; };
		AB3BB8391F5F9CA000CDF182 /* TimerViewController.swift in Sources */ = {isa = PBXBuildFile; fileRef = AB3BB8381F5F9CA000CDF182 /* TimerViewController.swift */; };
		AB43B1771EEB871E00B6A96B /* AppDelegate.swift in Sources */ = {isa = PBXBuildFile; fileRef = AB43B1761EEB871E00B6A96B /* AppDelegate.swift */; };
		AB43B1791EEB871E00B6A96B /* PreheatViewController.swift in Sources */ = {isa = PBXBuildFile; fileRef = AB43B1781EEB871E00B6A96B /* PreheatViewController.swift */; };
		AB43B17E1EEB871E00B6A96B /* Main.storyboard in Resources */ = {isa = PBXBuildFile; fileRef = AB43B17C1EEB871E00B6A96B /* Main.storyboard */; };
		AB43B1801EEB871E00B6A96B /* Assets.xcassets in Resources */ = {isa = PBXBuildFile; fileRef = AB43B17F1EEB871E00B6A96B /* Assets.xcassets */; };
		AB43B18B1EEBAEA100B6A96B /* ThermalModel.swift in Sources */ = {isa = PBXBuildFile; fileRef = AB43B18A1EEBAEA100B6A96B /* ThermalModel.swift */; };
		AB47A6CD1F27A4F400044D74 /* MatrixTests.swift in Sources */ = {isa = PBXBuildFile; fileRef = AB47A6CC1F27A4F400044D74 /* MatrixTests.swift */; };
		AB53D56E1F0DD85900ACA17A /* EcoChefThermalModel.swift in Sources */ = {isa = PBXBuildFile; fileRef = AB53D56D1F0DD85900ACA17A /* EcoChefThermalModel.swift */; };
		AB57418C1F397224007AA3E0 /* CalibrationTimer.swift in Sources */ = {isa = PBXBuildFile; fileRef = AB57418B1F397224007AA3E0 /* CalibrationTimer.swift */; };
		AB57418D1F397224007AA3E0 /* CalibrationTimer.swift in Sources */ = {isa = PBXBuildFile; fileRef = AB57418B1F397224007AA3E0 /* CalibrationTimer.swift */; };
		AB57E5DB1F0492F700D37EF8 /* birge-ring.aiff in Resources */ = {isa = PBXBuildFile; fileRef = AB57E5DA1F0492F700D37EF8 /* birge-ring.aiff */; };
		AB9506111F2580E1004A2EA9 /* Arithmetic.swift in Sources */ = {isa = PBXBuildFile; fileRef = ABEB05AF1F1DB90200C7B635 /* Arithmetic.swift */; };
		AB9506121F2580E1004A2EA9 /* Auxiliary.swift in Sources */ = {isa = PBXBuildFile; fileRef = ABEB05B01F1DB90200C7B635 /* Auxiliary.swift */; };
		AB9506131F2580E1004A2EA9 /* Convolution.swift in Sources */ = {isa = PBXBuildFile; fileRef = ABEB05B11F1DB90200C7B635 /* Convolution.swift */; };
		AB9506141F2580E1004A2EA9 /* Exponential.swift in Sources */ = {isa = PBXBuildFile; fileRef = ABEB05B21F1DB90200C7B635 /* Exponential.swift */; };
		AB9506151F2580E1004A2EA9 /* FFT.swift in Sources */ = {isa = PBXBuildFile; fileRef = ABEB05B31F1DB90200C7B635 /* FFT.swift */; };
		AB9506161F2580E1004A2EA9 /* Hyperbolic.swift in Sources */ = {isa = PBXBuildFile; fileRef = ABEB05B41F1DB90200C7B635 /* Hyperbolic.swift */; };
		AB9506171F2580E1004A2EA9 /* Matrix.swift in Sources */ = {isa = PBXBuildFile; fileRef = ABEB05B51F1DB90200C7B635 /* Matrix.swift */; };
		AB9506181F2580E1004A2EA9 /* Power.swift in Sources */ = {isa = PBXBuildFile; fileRef = ABEB05B61F1DB90200C7B635 /* Power.swift */; };
		AB9506191F2580E1004A2EA9 /* Trigonometric.swift in Sources */ = {isa = PBXBuildFile; fileRef = ABEB05B81F1DB90200C7B635 /* Trigonometric.swift */; };
		ABA36DC31F07401100B3FCA4 /* EcoChefState.swift in Sources */ = {isa = PBXBuildFile; fileRef = ABA36DC21F07401100B3FCA4 /* EcoChefState.swift */; };
		ABC7A8711EF8DC5D00F25317 /* SettingsViewController.swift in Sources */ = {isa = PBXBuildFile; fileRef = ABC7A8701EF8DC5D00F25317 /* SettingsViewController.swift */; };
		ABC7A8751EF8EE7900F25317 /* AboutViewController.swift in Sources */ = {isa = PBXBuildFile; fileRef = ABC7A8741EF8EE7900F25317 /* AboutViewController.swift */; };
		ABD4127F1F1134C900429887 /* EcoChefTests.swift in Sources */ = {isa = PBXBuildFile; fileRef = ABD4127E1F1134C900429887 /* EcoChefTests.swift */; };
		ABD412861F11375400429887 /* ThermalModel.swift in Sources */ = {isa = PBXBuildFile; fileRef = AB43B18A1EEBAEA100B6A96B /* ThermalModel.swift */; };
		ABEB05B91F1DB90200C7B635 /* Arithmetic.swift in Sources */ = {isa = PBXBuildFile; fileRef = ABEB05AF1F1DB90200C7B635 /* Arithmetic.swift */; };
		ABEB05BA1F1DB90200C7B635 /* Auxiliary.swift in Sources */ = {isa = PBXBuildFile; fileRef = ABEB05B01F1DB90200C7B635 /* Auxiliary.swift */; };
		ABEB05BB1F1DB90200C7B635 /* Convolution.swift in Sources */ = {isa = PBXBuildFile; fileRef = ABEB05B11F1DB90200C7B635 /* Convolution.swift */; };
		ABEB05BC1F1DB90200C7B635 /* Exponential.swift in Sources */ = {isa = PBXBuildFile; fileRef = ABEB05B21F1DB90200C7B635 /* Exponential.swift */; };
		ABEB05BD1F1DB90200C7B635 /* FFT.swift in Sources */ = {isa = PBXBuildFile; fileRef = ABEB05B31F1DB90200C7B635 /* FFT.swift */; };
		ABEB05BE1F1DB90200C7B635 /* Hyperbolic.swift in Sources */ = {isa = PBXBuildFile; fileRef = ABEB05B41F1DB90200C7B635 /* Hyperbolic.swift */; };
		ABEB05BF1F1DB90200C7B635 /* Matrix.swift in Sources */ = {isa = PBXBuildFile; fileRef = ABEB05B51F1DB90200C7B635 /* Matrix.swift */; };
		ABEB05C01F1DB90200C7B635 /* Power.swift in Sources */ = {isa = PBXBuildFile; fileRef = ABEB05B61F1DB90200C7B635 /* Power.swift */; };
		ABEB05C11F1DB90200C7B635 /* Trigonometric.swift in Sources */ = {isa = PBXBuildFile; fileRef = ABEB05B81F1DB90200C7B635 /* Trigonometric.swift */; };
		ABEB05C31F1EEDF000C7B635 /* OptimizationTests.swift in Sources */ = {isa = PBXBuildFile; fileRef = ABEB05C21F1EEDF000C7B635 /* OptimizationTests.swift */; };
		ABEB6F1D1F02A6E300ABD199 /* ThermalTimer.swift in Sources */ = {isa = PBXBuildFile; fileRef = ABEB6F1C1F02A6E300ABD199 /* ThermalTimer.swift */; };
		ABEBBBA01F05AC1C00527B4F /* TimerButton.swift in Sources */ = {isa = PBXBuildFile; fileRef = ABEBBB9F1F05AC1C00527B4F /* TimerButton.swift */; };
		ABEBBBA61F05B06400527B4F /* SimpleButton.swift in Sources */ = {isa = PBXBuildFile; fileRef = ABEBBBA31F05B06400527B4F /* SimpleButton.swift */; };
		ABEBBBA71F05B06400527B4F /* SimpleButtonControlState.swift in Sources */ = {isa = PBXBuildFile; fileRef = ABEBBBA41F05B06400527B4F /* SimpleButtonControlState.swift */; };
		ABEBBBA81F05B06400527B4F /* SimpleButtonStateChangeValue.swift in Sources */ = {isa = PBXBuildFile; fileRef = ABEBBBA51F05B06400527B4F /* SimpleButtonStateChangeValue.swift */; };
		ABEDA1BE1F09F75600FAE1E1 /* ModelTableViewController.swift in Sources */ = {isa = PBXBuildFile; fileRef = ABEDA1BC1F09F75600FAE1E1 /* ModelTableViewController.swift */; };
		ABEDA1C11F09FDAD00FAE1E1 /* ModelEditViewController.swift in Sources */ = {isa = PBXBuildFile; fileRef = ABEDA1C01F09FDAD00FAE1E1 /* ModelEditViewController.swift */; };
/* End PBXBuildFile section */

/* Begin PBXContainerItemProxy section */
		ABD412811F1134C900429887 /* PBXContainerItemProxy */ = {
			isa = PBXContainerItemProxy;
			containerPortal = AB43B16B1EEB871E00B6A96B /* Project object */;
			proxyType = 1;
			remoteGlobalIDString = AB43B1721EEB871E00B6A96B;
			remoteInfo = EcoChef;
		};
/* End PBXContainerItemProxy section */

/* Begin PBXFileReference section */
		AB007F1C1F1BE67E00AD9552 /* MeasTableViewController.swift */ = {isa = PBXFileReference; fileEncoding = 4; lastKnownFileType = sourcecode.swift; path = MeasTableViewController.swift; sourceTree = "<group>"; };
		AB007F1E1F1C109000AD9552 /* DataEditViewController.swift */ = {isa = PBXFileReference; fileEncoding = 4; lastKnownFileType = sourcecode.swift; path = DataEditViewController.swift; sourceTree = "<group>"; };
		AB007F201F1C7B8000AD9552 /* Optimization.swift */ = {isa = PBXFileReference; fileEncoding = 4; lastKnownFileType = sourcecode.swift; path = Optimization.swift; sourceTree = "<group>"; };
		AB0373881F020DD7005D1880 /* LaunchScreen.storyboard */ = {isa = PBXFileReference; fileEncoding = 4; lastKnownFileType = file.storyboard; path = LaunchScreen.storyboard; sourceTree = "<group>"; };
		AB2EF88E1F36D74100584390 /* CalibrationViewController.swift */ = {isa = PBXFileReference; fileEncoding = 4; lastKnownFileType = sourcecode.swift; path = CalibrationViewController.swift; sourceTree = "<group>"; };
		AB3BB8381F5F9CA000CDF182 /* TimerViewController.swift */ = {isa = PBXFileReference; fileEncoding = 4; lastKnownFileType = sourcecode.swift; path = TimerViewController.swift; sourceTree = "<group>"; };
		AB43B1731EEB871E00B6A96B /* EcoChef.app */ = {isa = PBXFileReference; explicitFileType = wrapper.application; includeInIndex = 0; path = EcoChef.app; sourceTree = BUILT_PRODUCTS_DIR; };
		AB43B1761EEB871E00B6A96B /* AppDelegate.swift */ = {isa = PBXFileReference; lastKnownFileType = sourcecode.swift; path = AppDelegate.swift; sourceTree = "<group>"; };
		AB43B1781EEB871E00B6A96B /* PreheatViewController.swift */ = {isa = PBXFileReference; lastKnownFileType = sourcecode.swift; path = PreheatViewController.swift; sourceTree = "<group>"; };
		AB43B17D1EEB871E00B6A96B /* Base */ = {isa = PBXFileReference; lastKnownFileType = file.storyboard; name = Base; path = Base.lproj/Main.storyboard; sourceTree = "<group>"; };
		AB43B17F1EEB871E00B6A96B /* Assets.xcassets */ = {isa = PBXFileReference; lastKnownFileType = folder.assetcatalog; path = Assets.xcassets; sourceTree = "<group>"; };
		AB43B1841EEB871E00B6A96B /* Info.plist */ = {isa = PBXFileReference; lastKnownFileType = text.plist.xml; path = Info.plist; sourceTree = "<group>"; };
		AB43B18A1EEBAEA100B6A96B /* ThermalModel.swift */ = {isa = PBXFileReference; fileEncoding = 4; lastKnownFileType = sourcecode.swift; path = ThermalModel.swift; sourceTree = "<group>"; };
		AB47A6CC1F27A4F400044D74 /* MatrixTests.swift */ = {isa = PBXFileReference; fileEncoding = 4; lastKnownFileType = sourcecode.swift; path = MatrixTests.swift; sourceTree = "<group>"; };
		AB53D56D1F0DD85900ACA17A /* EcoChefThermalModel.swift */ = {isa = PBXFileReference; fileEncoding = 4; lastKnownFileType = sourcecode.swift; path = EcoChefThermalModel.swift; sourceTree = "<group>"; };
		AB57418B1F397224007AA3E0 /* CalibrationTimer.swift */ = {isa = PBXFileReference; fileEncoding = 4; lastKnownFileType = sourcecode.swift; path = CalibrationTimer.swift; sourceTree = "<group>"; };
		AB57E5DA1F0492F700D37EF8 /* birge-ring.aiff */ = {isa = PBXFileReference; lastKnownFileType = audio.aiff; path = "birge-ring.aiff"; sourceTree = "<group>"; };
		ABA36DC21F07401100B3FCA4 /* EcoChefState.swift */ = {isa = PBXFileReference; fileEncoding = 4; lastKnownFileType = sourcecode.swift; path = EcoChefState.swift; sourceTree = "<group>"; };
		ABC7A8701EF8DC5D00F25317 /* SettingsViewController.swift */ = {isa = PBXFileReference; fileEncoding = 4; lastKnownFileType = sourcecode.swift; path = SettingsViewController.swift; sourceTree = "<group>"; };
		ABC7A8741EF8EE7900F25317 /* AboutViewController.swift */ = {isa = PBXFileReference; fileEncoding = 4; lastKnownFileType = sourcecode.swift; path = AboutViewController.swift; sourceTree = "<group>"; };
		ABD4127C1F1134C900429887 /* EcoChefTests.xctest */ = {isa = PBXFileReference; explicitFileType = wrapper.cfbundle; includeInIndex = 0; path = EcoChefTests.xctest; sourceTree = BUILT_PRODUCTS_DIR; };
		ABD4127E1F1134C900429887 /* EcoChefTests.swift */ = {isa = PBXFileReference; lastKnownFileType = sourcecode.swift; path = EcoChefTests.swift; sourceTree = "<group>"; };
		ABD412801F1134C900429887 /* Info.plist */ = {isa = PBXFileReference; lastKnownFileType = text.plist.xml; path = Info.plist; sourceTree = "<group>"; };
		ABEB05AF1F1DB90200C7B635 /* Arithmetic.swift */ = {isa = PBXFileReference; fileEncoding = 4; lastKnownFileType = sourcecode.swift; path = Arithmetic.swift; sourceTree = "<group>"; };
		ABEB05B01F1DB90200C7B635 /* Auxiliary.swift */ = {isa = PBXFileReference; fileEncoding = 4; lastKnownFileType = sourcecode.swift; path = Auxiliary.swift; sourceTree = "<group>"; };
		ABEB05B11F1DB90200C7B635 /* Convolution.swift */ = {isa = PBXFileReference; fileEncoding = 4; lastKnownFileType = sourcecode.swift; path = Convolution.swift; sourceTree = "<group>"; };
		ABEB05B21F1DB90200C7B635 /* Exponential.swift */ = {isa = PBXFileReference; fileEncoding = 4; lastKnownFileType = sourcecode.swift; path = Exponential.swift; sourceTree = "<group>"; };
		ABEB05B31F1DB90200C7B635 /* FFT.swift */ = {isa = PBXFileReference; fileEncoding = 4; lastKnownFileType = sourcecode.swift; path = FFT.swift; sourceTree = "<group>"; };
		ABEB05B41F1DB90200C7B635 /* Hyperbolic.swift */ = {isa = PBXFileReference; fileEncoding = 4; lastKnownFileType = sourcecode.swift; path = Hyperbolic.swift; sourceTree = "<group>"; };
		ABEB05B51F1DB90200C7B635 /* Matrix.swift */ = {isa = PBXFileReference; fileEncoding = 4; lastKnownFileType = sourcecode.swift; path = Matrix.swift; sourceTree = "<group>"; };
		ABEB05B61F1DB90200C7B635 /* Power.swift */ = {isa = PBXFileReference; fileEncoding = 4; lastKnownFileType = sourcecode.swift; path = Power.swift; sourceTree = "<group>"; };
		ABEB05B71F1DB90200C7B635 /* Surge.h */ = {isa = PBXFileReference; fileEncoding = 4; lastKnownFileType = sourcecode.c.h; path = Surge.h; sourceTree = "<group>"; };
		ABEB05B81F1DB90200C7B635 /* Trigonometric.swift */ = {isa = PBXFileReference; fileEncoding = 4; lastKnownFileType = sourcecode.swift; path = Trigonometric.swift; sourceTree = "<group>"; };
		ABEB05C21F1EEDF000C7B635 /* OptimizationTests.swift */ = {isa = PBXFileReference; fileEncoding = 4; lastKnownFileType = sourcecode.swift; path = OptimizationTests.swift; sourceTree = "<group>"; };
		ABEB6F1C1F02A6E300ABD199 /* ThermalTimer.swift */ = {isa = PBXFileReference; fileEncoding = 4; lastKnownFileType = sourcecode.swift; path = ThermalTimer.swift; sourceTree = "<group>"; };
		ABEBBB9F1F05AC1C00527B4F /* TimerButton.swift */ = {isa = PBXFileReference; fileEncoding = 4; lastKnownFileType = sourcecode.swift; path = TimerButton.swift; sourceTree = "<group>"; };
		ABEBBBA31F05B06400527B4F /* SimpleButton.swift */ = {isa = PBXFileReference; fileEncoding = 4; lastKnownFileType = sourcecode.swift; path = SimpleButton.swift; sourceTree = "<group>"; };
		ABEBBBA41F05B06400527B4F /* SimpleButtonControlState.swift */ = {isa = PBXFileReference; fileEncoding = 4; lastKnownFileType = sourcecode.swift; path = SimpleButtonControlState.swift; sourceTree = "<group>"; };
		ABEBBBA51F05B06400527B4F /* SimpleButtonStateChangeValue.swift */ = {isa = PBXFileReference; fileEncoding = 4; lastKnownFileType = sourcecode.swift; path = SimpleButtonStateChangeValue.swift; sourceTree = "<group>"; };
		ABEDA1BC1F09F75600FAE1E1 /* ModelTableViewController.swift */ = {isa = PBXFileReference; fileEncoding = 4; lastKnownFileType = sourcecode.swift; path = ModelTableViewController.swift; sourceTree = "<group>"; };
		ABEDA1C01F09FDAD00FAE1E1 /* ModelEditViewController.swift */ = {isa = PBXFileReference; fileEncoding = 4; lastKnownFileType = sourcecode.swift; path = ModelEditViewController.swift; sourceTree = "<group>"; };
/* End PBXFileReference section */

/* Begin PBXFrameworksBuildPhase section */
		AB43B1701EEB871E00B6A96B /* Frameworks */ = {
			isa = PBXFrameworksBuildPhase;
			buildActionMask = 2147483647;
			files = (
			);
			runOnlyForDeploymentPostprocessing = 0;
		};
		ABD412791F1134C900429887 /* Frameworks */ = {
			isa = PBXFrameworksBuildPhase;
			buildActionMask = 2147483647;
			files = (
			);
			runOnlyForDeploymentPostprocessing = 0;
		};
/* End PBXFrameworksBuildPhase section */

/* Begin PBXGroup section */
		AB43B16A1EEB871E00B6A96B = {
			isa = PBXGroup;
			children = (
				ABEB05AE1F1DB90200C7B635 /* Surge */,
				AB43B1751EEB871E00B6A96B /* EcoChef */,
				ABD4127D1F1134C900429887 /* Tests */,
				AB43B1741EEB871E00B6A96B /* Products */,
			);
			sourceTree = "<group>";
		};
		AB43B1741EEB871E00B6A96B /* Products */ = {
			isa = PBXGroup;
			children = (
				AB43B1731EEB871E00B6A96B /* EcoChef.app */,
				ABD4127C1F1134C900429887 /* EcoChefTests.xctest */,
			);
			name = Products;
			sourceTree = "<group>";
		};
		AB43B1751EEB871E00B6A96B /* EcoChef */ = {
			isa = PBXGroup;
			children = (
				AB43B1761EEB871E00B6A96B /* AppDelegate.swift */,
				AB007F201F1C7B8000AD9552 /* Optimization.swift */,
				AB43B18A1EEBAEA100B6A96B /* ThermalModel.swift */,
				ABEB6F1C1F02A6E300ABD199 /* ThermalTimer.swift */,
				AB57418B1F397224007AA3E0 /* CalibrationTimer.swift */,
				ABA36DC21F07401100B3FCA4 /* EcoChefState.swift */,
				AB53D56D1F0DD85900ACA17A /* EcoChefThermalModel.swift */,
				AB43B1781EEB871E00B6A96B /* PreheatViewController.swift */,
				ABC7A8701EF8DC5D00F25317 /* SettingsViewController.swift */,
				ABEDA1BC1F09F75600FAE1E1 /* ModelTableViewController.swift */,
				ABEDA1C01F09FDAD00FAE1E1 /* ModelEditViewController.swift */,
				AB2EF88E1F36D74100584390 /* CalibrationViewController.swift */,
				AB007F1C1F1BE67E00AD9552 /* MeasTableViewController.swift */,
				AB007F1E1F1C109000AD9552 /* DataEditViewController.swift */,
				ABC7A8741EF8EE7900F25317 /* AboutViewController.swift */,
				AB3BB8381F5F9CA000CDF182 /* TimerViewController.swift */,
				ABEBBB9F1F05AC1C00527B4F /* TimerButton.swift */,
				AB43B17C1EEB871E00B6A96B /* Main.storyboard */,
				AB0373881F020DD7005D1880 /* LaunchScreen.storyboard */,
				AB43B1841EEB871E00B6A96B /* Info.plist */,
				AB43B17F1EEB871E00B6A96B /* Assets.xcassets */,
				ABEBBBAA1F05B5D400527B4F /* Media */,
				ABEBBBA91F05B56E00527B4F /* SimpleButton */,
			);
			path = EcoChef;
			sourceTree = "<group>";
		};
		ABD4127D1F1134C900429887 /* Tests */ = {
			isa = PBXGroup;
			children = (
				ABD4127E1F1134C900429887 /* EcoChefTests.swift */,
				ABEB05C21F1EEDF000C7B635 /* OptimizationTests.swift */,
				AB47A6CC1F27A4F400044D74 /* MatrixTests.swift */,
				ABD412801F1134C900429887 /* Info.plist */,
			);
			name = Tests;
			path = EcoChefTests;
			sourceTree = "<group>";
		};
		ABEB05AE1F1DB90200C7B635 /* Surge */ = {
			isa = PBXGroup;
			children = (
				ABEB05B71F1DB90200C7B635 /* Surge.h */,
				ABEB05AF1F1DB90200C7B635 /* Arithmetic.swift */,
				ABEB05B01F1DB90200C7B635 /* Auxiliary.swift */,
				ABEB05B11F1DB90200C7B635 /* Convolution.swift */,
				ABEB05B21F1DB90200C7B635 /* Exponential.swift */,
				ABEB05B31F1DB90200C7B635 /* FFT.swift */,
				ABEB05B41F1DB90200C7B635 /* Hyperbolic.swift */,
				ABEB05B51F1DB90200C7B635 /* Matrix.swift */,
				ABEB05B61F1DB90200C7B635 /* Power.swift */,
				ABEB05B81F1DB90200C7B635 /* Trigonometric.swift */,
			);
			name = Surge;
			path = Source;
			sourceTree = "<group>";
		};
		ABEBBBA91F05B56E00527B4F /* SimpleButton */ = {
			isa = PBXGroup;
			children = (
				ABEBBBA31F05B06400527B4F /* SimpleButton.swift */,
				ABEBBBA41F05B06400527B4F /* SimpleButtonControlState.swift */,
				ABEBBBA51F05B06400527B4F /* SimpleButtonStateChangeValue.swift */,
			);
			name = SimpleButton;
			sourceTree = "<group>";
		};
		ABEBBBAA1F05B5D400527B4F /* Media */ = {
			isa = PBXGroup;
			children = (
				AB57E5DA1F0492F700D37EF8 /* birge-ring.aiff */,
			);
			name = Media;
			sourceTree = "<group>";
		};
/* End PBXGroup section */

/* Begin PBXNativeTarget section */
		AB43B1721EEB871E00B6A96B /* EcoChef */ = {
			isa = PBXNativeTarget;
			buildConfigurationList = AB43B1871EEB871E00B6A96B /* Build configuration list for PBXNativeTarget "EcoChef" */;
			buildPhases = (
				AB43B16F1EEB871E00B6A96B /* Sources */,
				AB43B1701EEB871E00B6A96B /* Frameworks */,
				AB43B1711EEB871E00B6A96B /* Resources */,
			);
			buildRules = (
			);
			dependencies = (
			);
			name = EcoChef;
			productName = EcoChef;
			productReference = AB43B1731EEB871E00B6A96B /* EcoChef.app */;
			productType = "com.apple.product-type.application";
		};
		ABD4127B1F1134C900429887 /* EcoChefTests */ = {
			isa = PBXNativeTarget;
			buildConfigurationList = ABD412831F1134C900429887 /* Build configuration list for PBXNativeTarget "EcoChefTests" */;
			buildPhases = (
				ABD412781F1134C900429887 /* Sources */,
				ABD412791F1134C900429887 /* Frameworks */,
				ABD4127A1F1134C900429887 /* Resources */,
			);
			buildRules = (
			);
			dependencies = (
				ABD412821F1134C900429887 /* PBXTargetDependency */,
			);
			name = EcoChefTests;
			productName = EcoChefTests;
			productReference = ABD4127C1F1134C900429887 /* EcoChefTests.xctest */;
			productType = "com.apple.product-type.bundle.unit-test";
		};
/* End PBXNativeTarget section */

/* Begin PBXProject section */
		AB43B16B1EEB871E00B6A96B /* Project object */ = {
			isa = PBXProject;
			attributes = {
				LastSwiftUpdateCheck = 0830;
				LastUpgradeCheck = 1320;
				ORGANIZATIONNAME = "Birge & Fuller, LLC";
				TargetAttributes = {
					AB43B1721EEB871E00B6A96B = {
						CreatedOnToolsVersion = 8.3.2;
						LastSwiftMigration = 1320;
						ProvisioningStyle = Automatic;
						SystemCapabilities = {
							com.apple.BackgroundModes = {
								enabled = 0;
							};
						};
					};
					ABD4127B1F1134C900429887 = {
						CreatedOnToolsVersion = 8.3.3;
						LastSwiftMigration = 1320;
						ProvisioningStyle = Automatic;
						TestTargetID = AB43B1721EEB871E00B6A96B;
					};
				};
			};
			buildConfigurationList = AB43B16E1EEB871E00B6A96B /* Build configuration list for PBXProject "EcoChef" */;
			compatibilityVersion = "Xcode 10.0";
			developmentRegion = en;
			hasScannedForEncodings = 0;
			knownRegions = (
				en,
				Base,
			);
			mainGroup = AB43B16A1EEB871E00B6A96B;
			productRefGroup = AB43B1741EEB871E00B6A96B /* Products */;
			projectDirPath = "";
			projectRoot = "";
			targets = (
				AB43B1721EEB871E00B6A96B /* EcoChef */,
				ABD4127B1F1134C900429887 /* EcoChefTests */,
			);
		};
/* End PBXProject section */

/* Begin PBXResourcesBuildPhase section */
		AB43B1711EEB871E00B6A96B /* Resources */ = {
			isa = PBXResourcesBuildPhase;
			buildActionMask = 2147483647;
			files = (
				AB0373891F020DD7005D1880 /* LaunchScreen.storyboard in Resources */,
				AB57E5DB1F0492F700D37EF8 /* birge-ring.aiff in Resources */,
				AB43B1801EEB871E00B6A96B /* Assets.xcassets in Resources */,
				AB43B17E1EEB871E00B6A96B /* Main.storyboard in Resources */,
			);
			runOnlyForDeploymentPostprocessing = 0;
		};
		ABD4127A1F1134C900429887 /* Resources */ = {
			isa = PBXResourcesBuildPhase;
			buildActionMask = 2147483647;
			files = (
			);
			runOnlyForDeploymentPostprocessing = 0;
		};
/* End PBXResourcesBuildPhase section */

/* Begin PBXSourcesBuildPhase section */
		AB43B16F1EEB871E00B6A96B /* Sources */ = {
			isa = PBXSourcesBuildPhase;
			buildActionMask = 2147483647;
			files = (
				ABEDA1C11F09FDAD00FAE1E1 /* ModelEditViewController.swift in Sources */,
				ABEB05BC1F1DB90200C7B635 /* Exponential.swift in Sources */,
				AB43B1771EEB871E00B6A96B /* AppDelegate.swift in Sources */,
				AB007F1D1F1BE67E00AD9552 /* MeasTableViewController.swift in Sources */,
				ABEDA1BE1F09F75600FAE1E1 /* ModelTableViewController.swift in Sources */,
				ABA36DC31F07401100B3FCA4 /* EcoChefState.swift in Sources */,
				ABEB05BE1F1DB90200C7B635 /* Hyperbolic.swift in Sources */,
				ABEB05BA1F1DB90200C7B635 /* Auxiliary.swift in Sources */,
				AB43B1791EEB871E00B6A96B /* PreheatViewController.swift in Sources */,
				AB007F1F1F1C109000AD9552 /* DataEditViewController.swift in Sources */,
				ABEBBBA01F05AC1C00527B4F /* TimerButton.swift in Sources */,
				ABEBBBA71F05B06400527B4F /* SimpleButtonControlState.swift in Sources */,
				ABEB05B91F1DB90200C7B635 /* Arithmetic.swift in Sources */,
				ABEB05BD1F1DB90200C7B635 /* FFT.swift in Sources */,
				ABEB05C11F1DB90200C7B635 /* Trigonometric.swift in Sources */,
				AB53D56E1F0DD85900ACA17A /* EcoChefThermalModel.swift in Sources */,
				AB3BB8391F5F9CA000CDF182 /* TimerViewController.swift in Sources */,
				ABEBBBA61F05B06400527B4F /* SimpleButton.swift in Sources */,
				ABEBBBA81F05B06400527B4F /* SimpleButtonStateChangeValue.swift in Sources */,
				AB43B18B1EEBAEA100B6A96B /* ThermalModel.swift in Sources */,
				AB2EF88F1F36D74100584390 /* CalibrationViewController.swift in Sources */,
				AB007F211F1C7B8000AD9552 /* Optimization.swift in Sources */,
				ABEB05BB1F1DB90200C7B635 /* Convolution.swift in Sources */,
				ABEB05BF1F1DB90200C7B635 /* Matrix.swift in Sources */,
				ABEB6F1D1F02A6E300ABD199 /* ThermalTimer.swift in Sources */,
				ABEB05C01F1DB90200C7B635 /* Power.swift in Sources */,
				ABC7A8751EF8EE7900F25317 /* AboutViewController.swift in Sources */,
				AB57418C1F397224007AA3E0 /* CalibrationTimer.swift in Sources */,
				ABC7A8711EF8DC5D00F25317 /* SettingsViewController.swift in Sources */,
			);
			runOnlyForDeploymentPostprocessing = 0;
		};
		ABD412781F1134C900429887 /* Sources */ = {
			isa = PBXSourcesBuildPhase;
			buildActionMask = 2147483647;
			files = (
				AB9506111F2580E1004A2EA9 /* Arithmetic.swift in Sources */,
				AB9506191F2580E1004A2EA9 /* Trigonometric.swift in Sources */,
				ABEB05C31F1EEDF000C7B635 /* OptimizationTests.swift in Sources */,
				AB57418D1F397224007AA3E0 /* CalibrationTimer.swift in Sources */,
				AB9506121F2580E1004A2EA9 /* Auxiliary.swift in Sources */,
				AB9506141F2580E1004A2EA9 /* Exponential.swift in Sources */,
				AB007F221F1C7B8000AD9552 /* Optimization.swift in Sources */,
				AB9506171F2580E1004A2EA9 /* Matrix.swift in Sources */,
				AB9506131F2580E1004A2EA9 /* Convolution.swift in Sources */,
				AB47A6CD1F27A4F400044D74 /* MatrixTests.swift in Sources */,
				AB9506181F2580E1004A2EA9 /* Power.swift in Sources */,
				ABD4127F1F1134C900429887 /* EcoChefTests.swift in Sources */,
				ABD412861F11375400429887 /* ThermalModel.swift in Sources */,
				AB9506161F2580E1004A2EA9 /* Hyperbolic.swift in Sources */,
				AB9506151F2580E1004A2EA9 /* FFT.swift in Sources */,
			);
			runOnlyForDeploymentPostprocessing = 0;
		};
/* End PBXSourcesBuildPhase section */

/* Begin PBXTargetDependency section */
		ABD412821F1134C900429887 /* PBXTargetDependency */ = {
			isa = PBXTargetDependency;
			target = AB43B1721EEB871E00B6A96B /* EcoChef */;
			targetProxy = ABD412811F1134C900429887 /* PBXContainerItemProxy */;
		};
/* End PBXTargetDependency section */

/* Begin PBXVariantGroup section */
		AB43B17C1EEB871E00B6A96B /* Main.storyboard */ = {
			isa = PBXVariantGroup;
			children = (
				AB43B17D1EEB871E00B6A96B /* Base */,
			);
			name = Main.storyboard;
			sourceTree = "<group>";
		};
/* End PBXVariantGroup section */

/* Begin XCBuildConfiguration section */
		AB43B1851EEB871E00B6A96B /* Debug */ = {
			isa = XCBuildConfiguration;
			buildSettings = {
				ALWAYS_SEARCH_USER_PATHS = NO;
				CLANG_ANALYZER_LOCALIZABILITY_NONLOCALIZED = YES;
				CLANG_ANALYZER_NONNULL = YES;
				CLANG_ANALYZER_NUMBER_OBJECT_CONVERSION = YES_AGGRESSIVE;
				CLANG_CXX_LANGUAGE_STANDARD = "gnu++0x";
				CLANG_CXX_LIBRARY = "libc++";
				CLANG_ENABLE_MODULES = YES;
				CLANG_ENABLE_OBJC_ARC = YES;
				CLANG_WARN_BLOCK_CAPTURE_AUTORELEASING = YES;
				CLANG_WARN_BOOL_CONVERSION = YES;
				CLANG_WARN_COMMA = YES;
				CLANG_WARN_CONSTANT_CONVERSION = YES;
				CLANG_WARN_DEPRECATED_OBJC_IMPLEMENTATIONS = NO;
				CLANG_WARN_DIRECT_OBJC_ISA_USAGE = YES_ERROR;
				CLANG_WARN_DOCUMENTATION_COMMENTS = YES;
				CLANG_WARN_EMPTY_BODY = YES;
				CLANG_WARN_ENUM_CONVERSION = YES;
				CLANG_WARN_INFINITE_RECURSION = YES;
				CLANG_WARN_INT_CONVERSION = YES;
				CLANG_WARN_NON_LITERAL_NULL_CONVERSION = YES;
				CLANG_WARN_OBJC_IMPLICIT_RETAIN_SELF = YES;
				CLANG_WARN_OBJC_LITERAL_CONVERSION = NO;
				CLANG_WARN_OBJC_ROOT_CLASS = YES_ERROR;
				CLANG_WARN_QUOTED_INCLUDE_IN_FRAMEWORK_HEADER = YES;
				CLANG_WARN_RANGE_LOOP_ANALYSIS = YES;
				CLANG_WARN_STRICT_PROTOTYPES = YES;
				CLANG_WARN_SUSPICIOUS_MOVE = YES;
				CLANG_WARN_UNREACHABLE_CODE = YES;
				CLANG_WARN__DUPLICATE_METHOD_MATCH = YES;
				"CODE_SIGN_IDENTITY[sdk=iphoneos*]" = "iPhone Developer";
				COPY_PHASE_STRIP = NO;
				DEBUG_INFORMATION_FORMAT = dwarf;
				ENABLE_STRICT_OBJC_MSGSEND = YES;
				ENABLE_TESTABILITY = YES;
				GCC_C_LANGUAGE_STANDARD = gnu99;
				GCC_DYNAMIC_NO_PIC = NO;
				GCC_NO_COMMON_BLOCKS = YES;
				GCC_OPTIMIZATION_LEVEL = 0;
				GCC_PREPROCESSOR_DEFINITIONS = (
					"DEBUG=1",
					"$(inherited)",
				);
				GCC_WARN_64_TO_32_BIT_CONVERSION = YES;
				GCC_WARN_ABOUT_RETURN_TYPE = YES_ERROR;
				GCC_WARN_UNDECLARED_SELECTOR = YES;
				GCC_WARN_UNINITIALIZED_AUTOS = YES_AGGRESSIVE;
				GCC_WARN_UNUSED_FUNCTION = YES;
				GCC_WARN_UNUSED_VARIABLE = YES;
				IPHONEOS_DEPLOYMENT_TARGET = 12.0;
				MTL_ENABLE_DEBUG_INFO = YES;
				ONLY_ACTIVE_ARCH = YES;
				SDKROOT = iphoneos;
				SWIFT_ACTIVE_COMPILATION_CONDITIONS = DEBUG;
				SWIFT_OPTIMIZATION_LEVEL = "-Onone";
				SWIFT_SWIFT3_OBJC_INFERENCE = Default;
				SWIFT_VERSION = "";
				TARGETED_DEVICE_FAMILY = "1,2";
			};
			name = Debug;
		};
		AB43B1861EEB871E00B6A96B /* Release */ = {
			isa = XCBuildConfiguration;
			buildSettings = {
				ALWAYS_SEARCH_USER_PATHS = NO;
				CLANG_ANALYZER_LOCALIZABILITY_NONLOCALIZED = YES;
				CLANG_ANALYZER_NONNULL = YES;
				CLANG_ANALYZER_NUMBER_OBJECT_CONVERSION = YES_AGGRESSIVE;
				CLANG_CXX_LANGUAGE_STANDARD = "gnu++0x";
				CLANG_CXX_LIBRARY = "libc++";
				CLANG_ENABLE_MODULES = YES;
				CLANG_ENABLE_OBJC_ARC = YES;
				CLANG_WARN_BLOCK_CAPTURE_AUTORELEASING = YES;
				CLANG_WARN_BOOL_CONVERSION = YES;
				CLANG_WARN_COMMA = YES;
				CLANG_WARN_CONSTANT_CONVERSION = YES;
				CLANG_WARN_DEPRECATED_OBJC_IMPLEMENTATIONS = NO;
				CLANG_WARN_DIRECT_OBJC_ISA_USAGE = YES_ERROR;
				CLANG_WARN_DOCUMENTATION_COMMENTS = YES;
				CLANG_WARN_EMPTY_BODY = YES;
				CLANG_WARN_ENUM_CONVERSION = YES;
				CLANG_WARN_INFINITE_RECURSION = YES;
				CLANG_WARN_INT_CONVERSION = YES;
				CLANG_WARN_NON_LITERAL_NULL_CONVERSION = YES;
				CLANG_WARN_OBJC_IMPLICIT_RETAIN_SELF = YES;
				CLANG_WARN_OBJC_LITERAL_CONVERSION = NO;
				CLANG_WARN_OBJC_ROOT_CLASS = YES_ERROR;
				CLANG_WARN_QUOTED_INCLUDE_IN_FRAMEWORK_HEADER = YES;
				CLANG_WARN_RANGE_LOOP_ANALYSIS = YES;
				CLANG_WARN_STRICT_PROTOTYPES = YES;
				CLANG_WARN_SUSPICIOUS_MOVE = YES;
				CLANG_WARN_UNREACHABLE_CODE = YES;
				CLANG_WARN__DUPLICATE_METHOD_MATCH = YES;
				"CODE_SIGN_IDENTITY[sdk=iphoneos*]" = "iPhone Developer";
				COPY_PHASE_STRIP = NO;
				DEBUG_INFORMATION_FORMAT = "dwarf-with-dsym";
				ENABLE_NS_ASSERTIONS = NO;
				ENABLE_STRICT_OBJC_MSGSEND = YES;
				GCC_C_LANGUAGE_STANDARD = gnu99;
				GCC_NO_COMMON_BLOCKS = YES;
				GCC_WARN_64_TO_32_BIT_CONVERSION = YES;
				GCC_WARN_ABOUT_RETURN_TYPE = YES_ERROR;
				GCC_WARN_UNDECLARED_SELECTOR = YES;
				GCC_WARN_UNINITIALIZED_AUTOS = YES_AGGRESSIVE;
				GCC_WARN_UNUSED_FUNCTION = YES;
				GCC_WARN_UNUSED_VARIABLE = YES;
				IPHONEOS_DEPLOYMENT_TARGET = 12.0;
				MTL_ENABLE_DEBUG_INFO = NO;
				SDKROOT = iphoneos;
				SWIFT_COMPILATION_MODE = wholemodule;
				SWIFT_OPTIMIZATION_LEVEL = "-O";
				SWIFT_SWIFT3_OBJC_INFERENCE = Default;
				SWIFT_VERSION = "";
				TARGETED_DEVICE_FAMILY = "1,2";
				VALIDATE_PRODUCT = YES;
			};
			name = Release;
		};
		AB43B1881EEB871E00B6A96B /* Debug */ = {
			isa = XCBuildConfiguration;
			buildSettings = {
				ASSETCATALOG_COMPILER_APPICON_NAME = AppIcon;
				DEVELOPMENT_TEAM = YB79GC96TU;
				FRAMEWORK_SEARCH_PATHS = (
					"$(inherited)",
					"$(PROJECT_DIR)/EcoChef",
				);
				INFOPLIST_FILE = EcoChef/Info.plist;
				IPHONEOS_DEPLOYMENT_TARGET = 14.0;
				LD_RUNPATH_SEARCH_PATHS = (
					"$(inherited)",
					"@executable_path/Frameworks",
				);
				MARKETING_VERSION = 0.8.1;
				PRODUCT_BUNDLE_IDENTIFIER = us.birge.EcoChef;
				PRODUCT_NAME = "$(TARGET_NAME)";
				SWIFT_SWIFT3_OBJC_INFERENCE = Default;
				SWIFT_VERSION = 5.0;
				TARGETED_DEVICE_FAMILY = 1;
				VERSIONING_SYSTEM = "apple-generic";
			};
			name = Debug;
		};
		AB43B1891EEB871E00B6A96B /* Release */ = {
			isa = XCBuildConfiguration;
			buildSettings = {
				ASSETCATALOG_COMPILER_APPICON_NAME = AppIcon;
				DEVELOPMENT_TEAM = YB79GC96TU;
				FRAMEWORK_SEARCH_PATHS = (
					"$(inherited)",
					"$(PROJECT_DIR)/EcoChef",
				);
				INFOPLIST_FILE = EcoChef/Info.plist;
				IPHONEOS_DEPLOYMENT_TARGET = 14.0;
				LD_RUNPATH_SEARCH_PATHS = (
					"$(inherited)",
					"@executable_path/Frameworks",
				);
				MARKETING_VERSION = 0.8.1;
				PRODUCT_BUNDLE_IDENTIFIER = us.birge.EcoChef;
				PRODUCT_NAME = "$(TARGET_NAME)";
				SWIFT_SWIFT3_OBJC_INFERENCE = Default;
				SWIFT_VERSION = 5.0;
				TARGETED_DEVICE_FAMILY = 1;
				VERSIONING_SYSTEM = "apple-generic";
			};
			name = Release;
		};
		ABD412841F1134C900429887 /* Debug */ = {
			isa = XCBuildConfiguration;
			buildSettings = {
				BUNDLE_LOADER = "$(TEST_HOST)";
				DEVELOPMENT_TEAM = YB79GC96TU;
				INFOPLIST_FILE = EcoChefTests/Info.plist;
				LD_RUNPATH_SEARCH_PATHS = (
					"$(inherited)",
					"@executable_path/Frameworks",
					"@loader_path/Frameworks",
				);
				PRODUCT_BUNDLE_IDENTIFIER = us.birge.EcoChefTests;
				PRODUCT_NAME = "$(TARGET_NAME)";
				SWIFT_SWIFT3_OBJC_INFERENCE = Default;
				SWIFT_VERSION = 5.0;
				TEST_HOST = "$(BUILT_PRODUCTS_DIR)/EcoChef.app/EcoChef";
			};
			name = Debug;
		};
		ABD412851F1134C900429887 /* Release */ = {
			isa = XCBuildConfiguration;
			buildSettings = {
				BUNDLE_LOADER = "$(TEST_HOST)";
				DEVELOPMENT_TEAM = YB79GC96TU;
				INFOPLIST_FILE = EcoChefTests/Info.plist;
				LD_RUNPATH_SEARCH_PATHS = (
					"$(inherited)",
					"@executable_path/Frameworks",
					"@loader_path/Frameworks",
				);
				PRODUCT_BUNDLE_IDENTIFIER = us.birge.EcoChefTests;
				PRODUCT_NAME = "$(TARGET_NAME)";
				SWIFT_SWIFT3_OBJC_INFERENCE = Default;
				SWIFT_VERSION = 5.0;
				TEST_HOST = "$(BUILT_PRODUCTS_DIR)/EcoChef.app/EcoChef";
			};
			name = Release;
		};
/* End XCBuildConfiguration section */

/* Begin XCConfigurationList section */
		AB43B16E1EEB871E00B6A96B /* Build configuration list for PBXProject "EcoChef" */ = {
			isa = XCConfigurationList;
			buildConfigurations = (
				AB43B1851EEB871E00B6A96B /* Debug */,
				AB43B1861EEB871E00B6A96B /* Release */,
			);
			defaultConfigurationIsVisible = 0;
			defaultConfigurationName = Release;
		};
		AB43B1871EEB871E00B6A96B /* Build configuration list for PBXNativeTarget "EcoChef" */ = {
			isa = XCConfigurationList;
			buildConfigurations = (
				AB43B1881EEB871E00B6A96B /* Debug */,
				AB43B1891EEB871E00B6A96B /* Release */,
			);
			defaultConfigurationIsVisible = 0;
			defaultConfigurationName = Release;
		};
		ABD412831F1134C900429887 /* Build configuration list for PBXNativeTarget "EcoChefTests" */ = {
			isa = XCConfigurationList;
			buildConfigurations = (
				ABD412841F1134C900429887 /* Debug */,
				ABD412851F1134C900429887 /* Release */,
			);
			defaultConfigurationIsVisible = 0;
			defaultConfigurationName = Release;
		};
/* End XCConfigurationList section */
	};
	rootObject = AB43B16B1EEB871E00B6A96B /* Project object */;
}
