// !$*UTF8*$!
{
	archiveVersion = 1;
	classes = {
	};
	objectVersion = 48;
	objects = {

/* Begin PBXBuildFile section */
		AB0373891F020DD7005D1880 /* LaunchScreen.storyboard in Resources */ = {isa = PBXBuildFile; fileRef = AB0373881F020DD7005D1880 /* LaunchScreen.storyboard */; };
		AB43B1771EEB871E00B6A96B /* AppDelegate.swift in Sources */ = {isa = PBXBuildFile; fileRef = AB43B1761EEB871E00B6A96B /* AppDelegate.swift */; };
		AB43B1791EEB871E00B6A96B /* PreheatViewController.swift in Sources */ = {isa = PBXBuildFile; fileRef = AB43B1781EEB871E00B6A96B /* PreheatViewController.swift */; };
		AB43B17E1EEB871E00B6A96B /* Main.storyboard in Resources */ = {isa = PBXBuildFile; fileRef = AB43B17C1EEB871E00B6A96B /* Main.storyboard */; };
		AB43B1801EEB871E00B6A96B /* Assets.xcassets in Resources */ = {isa = PBXBuildFile; fileRef = AB43B17F1EEB871E00B6A96B /* Assets.xcassets */; };
		AB43B18B1EEBAEA100B6A96B /* ThermalModel.swift in Sources */ = {isa = PBXBuildFile; fileRef = AB43B18A1EEBAEA100B6A96B /* ThermalModel.swift */; };
		AB53D56E1F0DD85900ACA17A /* EcoChefThermalModel.swift in Sources */ = {isa = PBXBuildFile; fileRef = AB53D56D1F0DD85900ACA17A /* EcoChefThermalModel.swift */; };
		AB57E5DB1F0492F700D37EF8 /* birge-ring.aiff in Resources */ = {isa = PBXBuildFile; fileRef = AB57E5DA1F0492F700D37EF8 /* birge-ring.aiff */; };
		ABA36DC31F07401100B3FCA4 /* EcoChefState.swift in Sources */ = {isa = PBXBuildFile; fileRef = ABA36DC21F07401100B3FCA4 /* EcoChefState.swift */; };
		ABC7A8711EF8DC5D00F25317 /* SettingsViewController.swift in Sources */ = {isa = PBXBuildFile; fileRef = ABC7A8701EF8DC5D00F25317 /* SettingsViewController.swift */; };
		ABC7A8751EF8EE7900F25317 /* AboutViewController.swift in Sources */ = {isa = PBXBuildFile; fileRef = ABC7A8741EF8EE7900F25317 /* AboutViewController.swift */; };
		ABEB6F1D1F02A6E300ABD199 /* ThermalTimer.swift in Sources */ = {isa = PBXBuildFile; fileRef = ABEB6F1C1F02A6E300ABD199 /* ThermalTimer.swift */; };
		ABEBBBA01F05AC1C00527B4F /* TimerButton.swift in Sources */ = {isa = PBXBuildFile; fileRef = ABEBBB9F1F05AC1C00527B4F /* TimerButton.swift */; };
		ABEBBBA61F05B06400527B4F /* SimpleButton.swift in Sources */ = {isa = PBXBuildFile; fileRef = ABEBBBA31F05B06400527B4F /* SimpleButton.swift */; };
		ABEBBBA71F05B06400527B4F /* SimpleButtonControlState.swift in Sources */ = {isa = PBXBuildFile; fileRef = ABEBBBA41F05B06400527B4F /* SimpleButtonControlState.swift */; };
		ABEBBBA81F05B06400527B4F /* SimpleButtonStateChangeValue.swift in Sources */ = {isa = PBXBuildFile; fileRef = ABEBBBA51F05B06400527B4F /* SimpleButtonStateChangeValue.swift */; };
		ABEDA1BE1F09F75600FAE1E1 /* ModelTableViewController.swift in Sources */ = {isa = PBXBuildFile; fileRef = ABEDA1BC1F09F75600FAE1E1 /* ModelTableViewController.swift */; };
		ABEDA1C11F09FDAD00FAE1E1 /* ModelEditViewController.swift in Sources */ = {isa = PBXBuildFile; fileRef = ABEDA1C01F09FDAD00FAE1E1 /* ModelEditViewController.swift */; };
/* End PBXBuildFile section */

/* Begin PBXFileReference section */
		AB0373881F020DD7005D1880 /* LaunchScreen.storyboard */ = {isa = PBXFileReference; fileEncoding = 4; lastKnownFileType = file.storyboard; path = LaunchScreen.storyboard; sourceTree = "<group>"; };
		AB43B1731EEB871E00B6A96B /* EcoChef.app */ = {isa = PBXFileReference; explicitFileType = wrapper.application; includeInIndex = 0; path = EcoChef.app; sourceTree = BUILT_PRODUCTS_DIR; };
		AB43B1761EEB871E00B6A96B /* AppDelegate.swift */ = {isa = PBXFileReference; lastKnownFileType = sourcecode.swift; path = AppDelegate.swift; sourceTree = "<group>"; };
		AB43B1781EEB871E00B6A96B /* PreheatViewController.swift */ = {isa = PBXFileReference; lastKnownFileType = sourcecode.swift; path = PreheatViewController.swift; sourceTree = "<group>"; };
		AB43B17D1EEB871E00B6A96B /* Base */ = {isa = PBXFileReference; lastKnownFileType = file.storyboard; name = Base; path = Base.lproj/Main.storyboard; sourceTree = "<group>"; };
		AB43B17F1EEB871E00B6A96B /* Assets.xcassets */ = {isa = PBXFileReference; lastKnownFileType = folder.assetcatalog; path = Assets.xcassets; sourceTree = "<group>"; };
		AB43B1841EEB871E00B6A96B /* Info.plist */ = {isa = PBXFileReference; lastKnownFileType = text.plist.xml; path = Info.plist; sourceTree = "<group>"; };
		AB43B18A1EEBAEA100B6A96B /* ThermalModel.swift */ = {isa = PBXFileReference; fileEncoding = 4; lastKnownFileType = sourcecode.swift; path = ThermalModel.swift; sourceTree = "<group>"; };
		AB53D56D1F0DD85900ACA17A /* EcoChefThermalModel.swift */ = {isa = PBXFileReference; fileEncoding = 4; lastKnownFileType = sourcecode.swift; path = EcoChefThermalModel.swift; sourceTree = "<group>"; };
		AB57E5DA1F0492F700D37EF8 /* birge-ring.aiff */ = {isa = PBXFileReference; lastKnownFileType = audio.aiff; path = "birge-ring.aiff"; sourceTree = "<group>"; };
		ABA36DC21F07401100B3FCA4 /* EcoChefState.swift */ = {isa = PBXFileReference; fileEncoding = 4; lastKnownFileType = sourcecode.swift; path = EcoChefState.swift; sourceTree = "<group>"; };
		ABC7A8701EF8DC5D00F25317 /* SettingsViewController.swift */ = {isa = PBXFileReference; fileEncoding = 4; lastKnownFileType = sourcecode.swift; path = SettingsViewController.swift; sourceTree = "<group>"; };
		ABC7A8741EF8EE7900F25317 /* AboutViewController.swift */ = {isa = PBXFileReference; fileEncoding = 4; lastKnownFileType = sourcecode.swift; path = AboutViewController.swift; sourceTree = "<group>"; };
		ABEB6F1C1F02A6E300ABD199 /* ThermalTimer.swift */ = {isa = PBXFileReference; fileEncoding = 4; lastKnownFileType = sourcecode.swift; path = ThermalTimer.swift; sourceTree = "<group>"; };
		ABEBBB9F1F05AC1C00527B4F /* TimerButton.swift */ = {isa = PBXFileReference; fileEncoding = 4; lastKnownFileType = sourcecode.swift; path = TimerButton.swift; sourceTree = "<group>"; };
		ABEBBBA31F05B06400527B4F /* SimpleButton.swift */ = {isa = PBXFileReference; fileEncoding = 4; lastKnownFileType = sourcecode.swift; path = SimpleButton.swift; sourceTree = "<group>"; };
		ABEBBBA41F05B06400527B4F /* SimpleButtonControlState.swift */ = {isa = PBXFileReference; fileEncoding = 4; lastKnownFileType = sourcecode.swift; path = SimpleButtonControlState.swift; sourceTree = "<group>"; };
		ABEBBBA51F05B06400527B4F /* SimpleButtonStateChangeValue.swift */ = {isa = PBXFileReference; fileEncoding = 4; lastKnownFileType = sourcecode.swift; path = SimpleButtonStateChangeValue.swift; sourceTree = "<group>"; };
		ABEDA1BC1F09F75600FAE1E1 /* ModelTableViewController.swift */ = {isa = PBXFileReference; fileEncoding = 4; lastKnownFileType = sourcecode.swift; path = ModelTableViewController.swift; sourceTree = "<group>"; };
		ABEDA1C01F09FDAD00FAE1E1 /* ModelEditViewController.swift */ = {isa = PBXFileReference; fileEncoding = 4; lastKnownFileType = sourcecode.swift; path = ModelEditViewController.swift; sourceTree = "<group>"; };
/* End PBXFileReference section */

/* Begin PBXFrameworksBuildPhase section */
		AB43B1701EEB871E00B6A96B /* Frameworks */ = {
			isa = PBXFrameworksBuildPhase;
			buildActionMask = 2147483647;
			files = (
			);
			runOnlyForDeploymentPostprocessing = 0;
		};
/* End PBXFrameworksBuildPhase section */

/* Begin PBXGroup section */
		AB43B16A1EEB871E00B6A96B = {
			isa = PBXGroup;
			children = (
				AB43B1751EEB871E00B6A96B /* EcoChef */,
				AB43B1741EEB871E00B6A96B /* Products */,
			);
			sourceTree = "<group>";
		};
		AB43B1741EEB871E00B6A96B /* Products */ = {
			isa = PBXGroup;
			children = (
				AB43B1731EEB871E00B6A96B /* EcoChef.app */,
			);
			name = Products;
			sourceTree = "<group>";
		};
		AB43B1751EEB871E00B6A96B /* EcoChef */ = {
			isa = PBXGroup;
			children = (
				AB43B1761EEB871E00B6A96B /* AppDelegate.swift */,
				AB43B18A1EEBAEA100B6A96B /* ThermalModel.swift */,
				ABEB6F1C1F02A6E300ABD199 /* ThermalTimer.swift */,
				AB53D56D1F0DD85900ACA17A /* EcoChefThermalModel.swift */,
				ABA36DC21F07401100B3FCA4 /* EcoChefState.swift */,
				AB43B1781EEB871E00B6A96B /* PreheatViewController.swift */,
				ABC7A8701EF8DC5D00F25317 /* SettingsViewController.swift */,
				ABC7A8741EF8EE7900F25317 /* AboutViewController.swift */,
				ABEDA1BC1F09F75600FAE1E1 /* ModelTableViewController.swift */,
				ABEDA1C01F09FDAD00FAE1E1 /* ModelEditViewController.swift */,
				ABEBBB9F1F05AC1C00527B4F /* TimerButton.swift */,
				AB43B17C1EEB871E00B6A96B /* Main.storyboard */,
				AB0373881F020DD7005D1880 /* LaunchScreen.storyboard */,
				AB43B1841EEB871E00B6A96B /* Info.plist */,
				AB43B17F1EEB871E00B6A96B /* Assets.xcassets */,
				ABEBBBAA1F05B5D400527B4F /* Media */,
				ABEBBBA91F05B56E00527B4F /* SimpleButton */,
			);
			path = EcoChef;
			sourceTree = "<group>";
		};
		ABEBBBA91F05B56E00527B4F /* SimpleButton */ = {
			isa = PBXGroup;
			children = (
				ABEBBBA31F05B06400527B4F /* SimpleButton.swift */,
				ABEBBBA41F05B06400527B4F /* SimpleButtonControlState.swift */,
				ABEBBBA51F05B06400527B4F /* SimpleButtonStateChangeValue.swift */,
			);
			name = SimpleButton;
			sourceTree = "<group>";
		};
		ABEBBBAA1F05B5D400527B4F /* Media */ = {
			isa = PBXGroup;
			children = (
				AB57E5DA1F0492F700D37EF8 /* birge-ring.aiff */,
			);
			name = Media;
			sourceTree = "<group>";
		};
/* End PBXGroup section */

/* Begin PBXNativeTarget section */
		AB43B1721EEB871E00B6A96B /* EcoChef */ = {
			isa = PBXNativeTarget;
			buildConfigurationList = AB43B1871EEB871E00B6A96B /* Build configuration list for PBXNativeTarget "EcoChef" */;
			buildPhases = (
				AB43B16F1EEB871E00B6A96B /* Sources */,
				AB43B1701EEB871E00B6A96B /* Frameworks */,
				AB43B1711EEB871E00B6A96B /* Resources */,
			);
			buildRules = (
			);
			dependencies = (
			);
			name = EcoChef;
			productName = EcoChef;
			productReference = AB43B1731EEB871E00B6A96B /* EcoChef.app */;
			productType = "com.apple.product-type.application";
		};
/* End PBXNativeTarget section */

/* Begin PBXProject section */
		AB43B16B1EEB871E00B6A96B /* Project object */ = {
			isa = PBXProject;
			attributes = {
				LastSwiftUpdateCheck = 0830;
				LastUpgradeCheck = 0830;
				ORGANIZATIONNAME = "Birge Clocks";
				TargetAttributes = {
					AB43B1721EEB871E00B6A96B = {
						CreatedOnToolsVersion = 8.3.2;
						ProvisioningStyle = Automatic;
						SystemCapabilities = {
							com.apple.BackgroundModes = {
								enabled = 0;
							};
						};
					};
				};
			};
			buildConfigurationList = AB43B16E1EEB871E00B6A96B /* Build configuration list for PBXProject "EcoChef" */;
			compatibilityVersion = "Xcode 8.0";
			developmentRegion = English;
			hasScannedForEncodings = 0;
			knownRegions = (
				en,
				Base,
			);
			mainGroup = AB43B16A1EEB871E00B6A96B;
			productRefGroup = AB43B1741EEB871E00B6A96B /* Products */;
			projectDirPath = "";
			projectRoot = "";
			targets = (
				AB43B1721EEB871E00B6A96B /* EcoChef */,
			);
		};
/* End PBXProject section */

/* Begin PBXResourcesBuildPhase section */
		AB43B1711EEB871E00B6A96B /* Resources */ = {
			isa = PBXResourcesBuildPhase;
			buildActionMask = 2147483647;
			files = (
				AB0373891F020DD7005D1880 /* LaunchScreen.storyboard in Resources */,
				AB57E5DB1F0492F700D37EF8 /* birge-ring.aiff in Resources */,
				AB43B1801EEB871E00B6A96B /* Assets.xcassets in Resources */,
				AB43B17E1EEB871E00B6A96B /* Main.storyboard in Resources */,
			);
			runOnlyForDeploymentPostprocessing = 0;
		};
/* End PBXResourcesBuildPhase section */

/* Begin PBXSourcesBuildPhase section */
		AB43B16F1EEB871E00B6A96B /* Sources */ = {
			isa = PBXSourcesBuildPhase;
			buildActionMask = 2147483647;
			files = (
				ABEDA1C11F09FDAD00FAE1E1 /* ModelEditViewController.swift in Sources */,
				AB43B1771EEB871E00B6A96B /* AppDelegate.swift in Sources */,
				ABEDA1BE1F09F75600FAE1E1 /* ModelTableViewController.swift in Sources */,
				ABA36DC31F07401100B3FCA4 /* EcoChefState.swift in Sources */,
				AB43B1791EEB871E00B6A96B /* PreheatViewController.swift in Sources */,
				ABEBBBA01F05AC1C00527B4F /* TimerButton.swift in Sources */,
				ABEBBBA71F05B06400527B4F /* SimpleButtonControlState.swift in Sources */,
				AB53D56E1F0DD85900ACA17A /* EcoChefThermalModel.swift in Sources */,
				ABEBBBA61F05B06400527B4F /* SimpleButton.swift in Sources */,
				ABEBBBA81F05B06400527B4F /* SimpleButtonStateChangeValue.swift in Sources */,
				AB43B18B1EEBAEA100B6A96B /* ThermalModel.swift in Sources */,
				ABEB6F1D1F02A6E300ABD199 /* ThermalTimer.swift in Sources */,
				ABC7A8751EF8EE7900F25317 /* AboutViewController.swift in Sources */,
				ABC7A8711EF8DC5D00F25317 /* SettingsViewController.swift in Sources */,
			);
			runOnlyForDeploymentPostprocessing = 0;
		};
/* End PBXSourcesBuildPhase section */

/* Begin PBXVariantGroup section */
		AB43B17C1EEB871E00B6A96B /* Main.storyboard */ = {
			isa = PBXVariantGroup;
			children = (
				AB43B17D1EEB871E00B6A96B /* Base */,
			);
			name = Main.storyboard;
			sourceTree = "<group>";
		};
/* End PBXVariantGroup section */

/* Begin XCBuildConfiguration section */
		AB43B1851EEB871E00B6A96B /* Debug */ = {
			isa = XCBuildConfiguration;
			buildSettings = {
				ALWAYS_SEARCH_USER_PATHS = NO;
				CLANG_ANALYZER_NONNULL = YES;
				CLANG_ANALYZER_NUMBER_OBJECT_CONVERSION = YES_AGGRESSIVE;
				CLANG_CXX_LANGUAGE_STANDARD = "gnu++0x";
				CLANG_CXX_LIBRARY = "libc++";
				CLANG_ENABLE_MODULES = YES;
				CLANG_ENABLE_OBJC_ARC = YES;
				CLANG_WARN_BOOL_CONVERSION = YES;
				CLANG_WARN_CONSTANT_CONVERSION = YES;
				CLANG_WARN_DIRECT_OBJC_ISA_USAGE = YES_ERROR;
				CLANG_WARN_DOCUMENTATION_COMMENTS = YES;
				CLANG_WARN_EMPTY_BODY = YES;
				CLANG_WARN_ENUM_CONVERSION = YES;
				CLANG_WARN_INFINITE_RECURSION = YES;
				CLANG_WARN_INT_CONVERSION = YES;
				CLANG_WARN_OBJC_ROOT_CLASS = YES_ERROR;
				CLANG_WARN_SUSPICIOUS_MOVE = YES;
				CLANG_WARN_UNREACHABLE_CODE = YES;
				CLANG_WARN__DUPLICATE_METHOD_MATCH = YES;
				"CODE_SIGN_IDENTITY[sdk=iphoneos*]" = "iPhone Developer";
				COPY_PHASE_STRIP = NO;
				DEBUG_INFORMATION_FORMAT = dwarf;
				ENABLE_STRICT_OBJC_MSGSEND = YES;
				ENABLE_TESTABILITY = YES;
				GCC_C_LANGUAGE_STANDARD = gnu99;
				GCC_DYNAMIC_NO_PIC = NO;
				GCC_NO_COMMON_BLOCKS = YES;
				GCC_OPTIMIZATION_LEVEL = 0;
				GCC_PREPROCESSOR_DEFINITIONS = (
					"DEBUG=1",
					"$(inherited)",
				);
				GCC_WARN_64_TO_32_BIT_CONVERSION = YES;
				GCC_WARN_ABOUT_RETURN_TYPE = YES_ERROR;
				GCC_WARN_UNDECLARED_SELECTOR = YES;
				GCC_WARN_UNINITIALIZED_AUTOS = YES_AGGRESSIVE;
				GCC_WARN_UNUSED_FUNCTION = YES;
				GCC_WARN_UNUSED_VARIABLE = YES;
				IPHONEOS_DEPLOYMENT_TARGET = 10.3;
				MTL_ENABLE_DEBUG_INFO = YES;
				ONLY_ACTIVE_ARCH = YES;
				SDKROOT = iphoneos;
				SWIFT_ACTIVE_COMPILATION_CONDITIONS = DEBUG;
				SWIFT_OPTIMIZATION_LEVEL = "-Onone";
				TARGETED_DEVICE_FAMILY = "1,2";
			};
			name = Debug;
		};
		AB43B1861EEB871E00B6A96B /* Release */ = {
			isa = XCBuildConfiguration;
			buildSettings = {
				ALWAYS_SEARCH_USER_PATHS = NO;
				CLANG_ANALYZER_NONNULL = YES;
				CLANG_ANALYZER_NUMBER_OBJECT_CONVERSION = YES_AGGRESSIVE;
				CLANG_CXX_LANGUAGE_STANDARD = "gnu++0x";
				CLANG_CXX_LIBRARY = "libc++";
				CLANG_ENABLE_MODULES = YES;
				CLANG_ENABLE_OBJC_ARC = YES;
				CLANG_WARN_BOOL_CONVERSION = YES;
				CLANG_WARN_CONSTANT_CONVERSION = YES;
				CLANG_WARN_DIRECT_OBJC_ISA_USAGE = YES_ERROR;
				CLANG_WARN_DOCUMENTATION_COMMENTS = YES;
				CLANG_WARN_EMPTY_BODY = YES;
				CLANG_WARN_ENUM_CONVERSION = YES;
				CLANG_WARN_INFINITE_RECURSION = YES;
				CLANG_WARN_INT_CONVERSION = YES;
				CLANG_WARN_OBJC_ROOT_CLASS = YES_ERROR;
				CLANG_WARN_SUSPICIOUS_MOVE = YES;
				CLANG_WARN_UNREACHABLE_CODE = YES;
				CLANG_WARN__DUPLICATE_METHOD_MATCH = YES;
				"CODE_SIGN_IDENTITY[sdk=iphoneos*]" = "iPhone Developer";
				COPY_PHASE_STRIP = NO;
				DEBUG_INFORMATION_FORMAT = "dwarf-with-dsym";
				ENABLE_NS_ASSERTIONS = NO;
				ENABLE_STRICT_OBJC_MSGSEND = YES;
				GCC_C_LANGUAGE_STANDARD = gnu99;
				GCC_NO_COMMON_BLOCKS = YES;
				GCC_WARN_64_TO_32_BIT_CONVERSION = YES;
				GCC_WARN_ABOUT_RETURN_TYPE = YES_ERROR;
				GCC_WARN_UNDECLARED_SELECTOR = YES;
				GCC_WARN_UNINITIALIZED_AUTOS = YES_AGGRESSIVE;
				GCC_WARN_UNUSED_FUNCTION = YES;
				GCC_WARN_UNUSED_VARIABLE = YES;
				IPHONEOS_DEPLOYMENT_TARGET = 10.3;
				MTL_ENABLE_DEBUG_INFO = NO;
				SDKROOT = iphoneos;
				SWIFT_OPTIMIZATION_LEVEL = "-Owholemodule";
				TARGETED_DEVICE_FAMILY = "1,2";
				VALIDATE_PRODUCT = YES;
			};
			name = Release;
		};
		AB43B1881EEB871E00B6A96B /* Debug */ = {
			isa = XCBuildConfiguration;
			buildSettings = {
				ASSETCATALOG_COMPILER_APPICON_NAME = AppIcon;
				DEVELOPMENT_TEAM = YB79GC96TU;
				FRAMEWORK_SEARCH_PATHS = (
					"$(inherited)",
					"$(PROJECT_DIR)/EcoChef",
				);
				INFOPLIST_FILE = EcoChef/Info.plist;
				IPHONEOS_DEPLOYMENT_TARGET = 10.3;
				LD_RUNPATH_SEARCH_PATHS = "$(inherited) @executable_path/Frameworks";
				PRODUCT_BUNDLE_IDENTIFIER = us.birge.EcoChef;
				PRODUCT_NAME = "$(TARGET_NAME)";
				SWIFT_VERSION = 3.0;
				TARGETED_DEVICE_FAMILY = 1;
				VERSIONING_SYSTEM = "apple-generic";
			};
			name = Debug;
		};
		AB43B1891EEB871E00B6A96B /* Release */ = {
			isa = XCBuildConfiguration;
			buildSettings = {
				ASSETCATALOG_COMPILER_APPICON_NAME = AppIcon;
				DEVELOPMENT_TEAM = YB79GC96TU;
				FRAMEWORK_SEARCH_PATHS = (
					"$(inherited)",
					"$(PROJECT_DIR)/EcoChef",
				);
				INFOPLIST_FILE = EcoChef/Info.plist;
				IPHONEOS_DEPLOYMENT_TARGET = 10.3;
				LD_RUNPATH_SEARCH_PATHS = "$(inherited) @executable_path/Frameworks";
				PRODUCT_BUNDLE_IDENTIFIER = us.birge.EcoChef;
				PRODUCT_NAME = "$(TARGET_NAME)";
				SWIFT_VERSION = 3.0;
				TARGETED_DEVICE_FAMILY = 1;
				VERSIONING_SYSTEM = "apple-generic";
			};
			name = Release;
		};
/* End XCBuildConfiguration section */

/* Begin XCConfigurationList section */
		AB43B16E1EEB871E00B6A96B /* Build configuration list for PBXProject "EcoChef" */ = {
			isa = XCConfigurationList;
			buildConfigurations = (
				AB43B1851EEB871E00B6A96B /* Debug */,
				AB43B1861EEB871E00B6A96B /* Release */,
			);
			defaultConfigurationIsVisible = 0;
			defaultConfigurationName = Release;
		};
		AB43B1871EEB871E00B6A96B /* Build configuration list for PBXNativeTarget "EcoChef" */ = {
			isa = XCConfigurationList;
			buildConfigurations = (
				AB43B1881EEB871E00B6A96B /* Debug */,
				AB43B1891EEB871E00B6A96B /* Release */,
			);
			defaultConfigurationIsVisible = 0;
			defaultConfigurationName = Release;
		};
/* End XCConfigurationList section */
	};
	rootObject = AB43B16B1EEB871E00B6A96B /* Project object */;
}
